// !$*UTF8*$!
{
	archiveVersion = 1;
	classes = {
	};
	objectVersion = 56;
	objects = {

/* Begin PBXBuildFile section */
		0D2D080F2C80912500CB4167 /* Inter.ttc in Resources */ = {isa = PBXBuildFile; fileRef = 0D2D080E2C80912400CB4167 /* Inter.ttc */; };
		0D2D08112C80913E00CB4167 /* web in Resources */ = {isa = PBXBuildFile; fileRef = 0D2D08102C80913E00CB4167 /* web */; };
		0D2D08142C80926100CB4167 /* login.swift in Sources */ = {isa = PBXBuildFile; fileRef = 0D2D08132C80926100CB4167 /* login.swift */; };
		F73C1B772C7F2C7200A5A2C6 /* Inter_24pt-Light.ttf in Resources */ = {isa = PBXBuildFile; fileRef = F73C1B412C7F2C7100A5A2C6 /* Inter_24pt-Light.ttf */; };
		F73C1B782C7F2C7200A5A2C6 /* Inter_24pt-ThinItalic.ttf in Resources */ = {isa = PBXBuildFile; fileRef = F73C1B422C7F2C7100A5A2C6 /* Inter_24pt-ThinItalic.ttf */; };
		F73C1B792C7F2C7200A5A2C6 /* Inter_28pt-ExtraBold.ttf in Resources */ = {isa = PBXBuildFile; fileRef = F73C1B432C7F2C7100A5A2C6 /* Inter_28pt-ExtraBold.ttf */; };
		F73C1B7A2C7F2C7200A5A2C6 /* Inter_18pt-ExtraLightItalic.ttf in Resources */ = {isa = PBXBuildFile; fileRef = F73C1B442C7F2C7100A5A2C6 /* Inter_18pt-ExtraLightItalic.ttf */; };
		F73C1B7B2C7F2C7200A5A2C6 /* Inter_28pt-SemiBoldItalic.ttf in Resources */ = {isa = PBXBuildFile; fileRef = F73C1B452C7F2C7100A5A2C6 /* Inter_28pt-SemiBoldItalic.ttf */; };
		F73C1B7C2C7F2C7200A5A2C6 /* Inter_24pt-LightItalic.ttf in Resources */ = {isa = PBXBuildFile; fileRef = F73C1B462C7F2C7100A5A2C6 /* Inter_24pt-LightItalic.ttf */; };
		F73C1B7D2C7F2C7200A5A2C6 /* Inter_18pt-BoldItalic.ttf in Resources */ = {isa = PBXBuildFile; fileRef = F73C1B472C7F2C7100A5A2C6 /* Inter_18pt-BoldItalic.ttf */; };
		F73C1B7E2C7F2C7200A5A2C6 /* Inter_28pt-Medium.ttf in Resources */ = {isa = PBXBuildFile; fileRef = F73C1B482C7F2C7100A5A2C6 /* Inter_28pt-Medium.ttf */; };
		F73C1B7F2C7F2C7200A5A2C6 /* Inter_24pt-Regular.ttf in Resources */ = {isa = PBXBuildFile; fileRef = F73C1B492C7F2C7100A5A2C6 /* Inter_24pt-Regular.ttf */; };
		F73C1B802C7F2C7200A5A2C6 /* Inter_28pt-LightItalic.ttf in Resources */ = {isa = PBXBuildFile; fileRef = F73C1B4A2C7F2C7100A5A2C6 /* Inter_28pt-LightItalic.ttf */; };
		F73C1B812C7F2C7200A5A2C6 /* Inter_18pt-Italic.ttf in Resources */ = {isa = PBXBuildFile; fileRef = F73C1B4B2C7F2C7100A5A2C6 /* Inter_18pt-Italic.ttf */; };
		F73C1B822C7F2C7200A5A2C6 /* Inter_24pt-Medium.ttf in Resources */ = {isa = PBXBuildFile; fileRef = F73C1B4C2C7F2C7100A5A2C6 /* Inter_24pt-Medium.ttf */; };
		F73C1B832C7F2C7200A5A2C6 /* Inter_18pt-Medium.ttf in Resources */ = {isa = PBXBuildFile; fileRef = F73C1B4D2C7F2C7100A5A2C6 /* Inter_18pt-Medium.ttf */; };
		F73C1B842C7F2C7200A5A2C6 /* Inter_18pt-ExtraBoldItalic.ttf in Resources */ = {isa = PBXBuildFile; fileRef = F73C1B4E2C7F2C7100A5A2C6 /* Inter_18pt-ExtraBoldItalic.ttf */; };
		F73C1B852C7F2C7200A5A2C6 /* Inter_28pt-Thin.ttf in Resources */ = {isa = PBXBuildFile; fileRef = F73C1B4F2C7F2C7100A5A2C6 /* Inter_28pt-Thin.ttf */; };
		F73C1B862C7F2C7200A5A2C6 /* Inter_28pt-ThinItalic.ttf in Resources */ = {isa = PBXBuildFile; fileRef = F73C1B502C7F2C7100A5A2C6 /* Inter_28pt-ThinItalic.ttf */; };
		F73C1B872C7F2C7200A5A2C6 /* Inter_18pt-Bold.ttf in Resources */ = {isa = PBXBuildFile; fileRef = F73C1B512C7F2C7100A5A2C6 /* Inter_18pt-Bold.ttf */; };
		F73C1B882C7F2C7200A5A2C6 /* Inter_18pt-ExtraBold.ttf in Resources */ = {isa = PBXBuildFile; fileRef = F73C1B522C7F2C7100A5A2C6 /* Inter_18pt-ExtraBold.ttf */; };
		F73C1B892C7F2C7200A5A2C6 /* Inter_24pt-Black.ttf in Resources */ = {isa = PBXBuildFile; fileRef = F73C1B532C7F2C7100A5A2C6 /* Inter_24pt-Black.ttf */; };
		F73C1B8A2C7F2C7200A5A2C6 /* Inter_24pt-MediumItalic.ttf in Resources */ = {isa = PBXBuildFile; fileRef = F73C1B542C7F2C7100A5A2C6 /* Inter_24pt-MediumItalic.ttf */; };
		F73C1B8B2C7F2C7200A5A2C6 /* Inter_28pt-Light.ttf in Resources */ = {isa = PBXBuildFile; fileRef = F73C1B552C7F2C7100A5A2C6 /* Inter_28pt-Light.ttf */; };
		F73C1B8C2C7F2C7200A5A2C6 /* Inter_18pt-ThinItalic.ttf in Resources */ = {isa = PBXBuildFile; fileRef = F73C1B562C7F2C7100A5A2C6 /* Inter_18pt-ThinItalic.ttf */; };
		F73C1B8D2C7F2C7200A5A2C6 /* Inter_24pt-SemiBold.ttf in Resources */ = {isa = PBXBuildFile; fileRef = F73C1B572C7F2C7100A5A2C6 /* Inter_24pt-SemiBold.ttf */; };
		F73C1B8E2C7F2C7200A5A2C6 /* Inter_24pt-BoldItalic.ttf in Resources */ = {isa = PBXBuildFile; fileRef = F73C1B582C7F2C7100A5A2C6 /* Inter_24pt-BoldItalic.ttf */; };
		F73C1B8F2C7F2C7200A5A2C6 /* Inter_28pt-Italic.ttf in Resources */ = {isa = PBXBuildFile; fileRef = F73C1B592C7F2C7100A5A2C6 /* Inter_28pt-Italic.ttf */; };
		F73C1B902C7F2C7200A5A2C6 /* Inter_28pt-ExtraLight.ttf in Resources */ = {isa = PBXBuildFile; fileRef = F73C1B5A2C7F2C7100A5A2C6 /* Inter_28pt-ExtraLight.ttf */; };
		F73C1B912C7F2C7200A5A2C6 /* Inter_28pt-Black.ttf in Resources */ = {isa = PBXBuildFile; fileRef = F73C1B5B2C7F2C7100A5A2C6 /* Inter_28pt-Black.ttf */; };
		F73C1B922C7F2C7200A5A2C6 /* Inter_28pt-BlackItalic.ttf in Resources */ = {isa = PBXBuildFile; fileRef = F73C1B5C2C7F2C7100A5A2C6 /* Inter_28pt-BlackItalic.ttf */; };
		F73C1B932C7F2C7200A5A2C6 /* Inter_28pt-SemiBold.ttf in Resources */ = {isa = PBXBuildFile; fileRef = F73C1B5D2C7F2C7100A5A2C6 /* Inter_28pt-SemiBold.ttf */; };
		F73C1B942C7F2C7200A5A2C6 /* Inter_24pt-ExtraBold.ttf in Resources */ = {isa = PBXBuildFile; fileRef = F73C1B5E2C7F2C7100A5A2C6 /* Inter_24pt-ExtraBold.ttf */; };
		F73C1B952C7F2C7200A5A2C6 /* Inter_24pt-SemiBoldItalic.ttf in Resources */ = {isa = PBXBuildFile; fileRef = F73C1B5F2C7F2C7100A5A2C6 /* Inter_24pt-SemiBoldItalic.ttf */; };
		F73C1B962C7F2C7200A5A2C6 /* Inter_28pt-ExtraBoldItalic.ttf in Resources */ = {isa = PBXBuildFile; fileRef = F73C1B602C7F2C7200A5A2C6 /* Inter_28pt-ExtraBoldItalic.ttf */; };
		F73C1B972C7F2C7200A5A2C6 /* Inter_18pt-Black.ttf in Resources */ = {isa = PBXBuildFile; fileRef = F73C1B612C7F2C7200A5A2C6 /* Inter_18pt-Black.ttf */; };
		F73C1B982C7F2C7200A5A2C6 /* Inter_28pt-ExtraLightItalic.ttf in Resources */ = {isa = PBXBuildFile; fileRef = F73C1B622C7F2C7200A5A2C6 /* Inter_28pt-ExtraLightItalic.ttf */; };
		F73C1B992C7F2C7200A5A2C6 /* Inter_18pt-Regular.ttf in Resources */ = {isa = PBXBuildFile; fileRef = F73C1B632C7F2C7200A5A2C6 /* Inter_18pt-Regular.ttf */; };
		F73C1B9A2C7F2C7200A5A2C6 /* Inter_28pt-Bold.ttf in Resources */ = {isa = PBXBuildFile; fileRef = F73C1B642C7F2C7200A5A2C6 /* Inter_28pt-Bold.ttf */; };
		F73C1B9B2C7F2C7200A5A2C6 /* Inter_24pt-ExtraLight.ttf in Resources */ = {isa = PBXBuildFile; fileRef = F73C1B652C7F2C7200A5A2C6 /* Inter_24pt-ExtraLight.ttf */; };
		F73C1B9C2C7F2C7200A5A2C6 /* Inter_28pt-MediumItalic.ttf in Resources */ = {isa = PBXBuildFile; fileRef = F73C1B662C7F2C7200A5A2C6 /* Inter_28pt-MediumItalic.ttf */; };
		F73C1B9D2C7F2C7200A5A2C6 /* Inter_18pt-SemiBoldItalic.ttf in Resources */ = {isa = PBXBuildFile; fileRef = F73C1B672C7F2C7200A5A2C6 /* Inter_18pt-SemiBoldItalic.ttf */; };
		F73C1B9E2C7F2C7200A5A2C6 /* Inter_24pt-Bold.ttf in Resources */ = {isa = PBXBuildFile; fileRef = F73C1B682C7F2C7200A5A2C6 /* Inter_24pt-Bold.ttf */; };
		F73C1B9F2C7F2C7200A5A2C6 /* Inter_18pt-Thin.ttf in Resources */ = {isa = PBXBuildFile; fileRef = F73C1B692C7F2C7200A5A2C6 /* Inter_18pt-Thin.ttf */; };
		F73C1BA02C7F2C7200A5A2C6 /* Inter_24pt-Italic.ttf in Resources */ = {isa = PBXBuildFile; fileRef = F73C1B6A2C7F2C7200A5A2C6 /* Inter_24pt-Italic.ttf */; };
		F73C1BA12C7F2C7200A5A2C6 /* Inter_18pt-Light.ttf in Resources */ = {isa = PBXBuildFile; fileRef = F73C1B6B2C7F2C7200A5A2C6 /* Inter_18pt-Light.ttf */; };
		F73C1BA22C7F2C7200A5A2C6 /* Inter_28pt-Regular.ttf in Resources */ = {isa = PBXBuildFile; fileRef = F73C1B6C2C7F2C7200A5A2C6 /* Inter_28pt-Regular.ttf */; };
		F73C1BA32C7F2C7200A5A2C6 /* Inter_18pt-SemiBold.ttf in Resources */ = {isa = PBXBuildFile; fileRef = F73C1B6D2C7F2C7200A5A2C6 /* Inter_18pt-SemiBold.ttf */; };
		F73C1BA42C7F2C7200A5A2C6 /* Inter_28pt-BoldItalic.ttf in Resources */ = {isa = PBXBuildFile; fileRef = F73C1B6E2C7F2C7200A5A2C6 /* Inter_28pt-BoldItalic.ttf */; };
		F73C1BA52C7F2C7200A5A2C6 /* Inter_24pt-ExtraBoldItalic.ttf in Resources */ = {isa = PBXBuildFile; fileRef = F73C1B6F2C7F2C7200A5A2C6 /* Inter_24pt-ExtraBoldItalic.ttf */; };
		F73C1BA62C7F2C7200A5A2C6 /* Inter_24pt-BlackItalic.ttf in Resources */ = {isa = PBXBuildFile; fileRef = F73C1B702C7F2C7200A5A2C6 /* Inter_24pt-BlackItalic.ttf */; };
		F73C1BA72C7F2C7200A5A2C6 /* Inter_18pt-BlackItalic.ttf in Resources */ = {isa = PBXBuildFile; fileRef = F73C1B712C7F2C7200A5A2C6 /* Inter_18pt-BlackItalic.ttf */; };
		F73C1BA82C7F2C7200A5A2C6 /* Inter_24pt-ExtraLightItalic.ttf in Resources */ = {isa = PBXBuildFile; fileRef = F73C1B722C7F2C7200A5A2C6 /* Inter_24pt-ExtraLightItalic.ttf */; };
		F73C1BA92C7F2C7200A5A2C6 /* Inter_18pt-LightItalic.ttf in Resources */ = {isa = PBXBuildFile; fileRef = F73C1B732C7F2C7200A5A2C6 /* Inter_18pt-LightItalic.ttf */; };
		F73C1BAA2C7F2C7200A5A2C6 /* Inter_18pt-MediumItalic.ttf in Resources */ = {isa = PBXBuildFile; fileRef = F73C1B742C7F2C7200A5A2C6 /* Inter_18pt-MediumItalic.ttf */; };
		F73C1BAB2C7F2C7200A5A2C6 /* Inter_24pt-Thin.ttf in Resources */ = {isa = PBXBuildFile; fileRef = F73C1B752C7F2C7200A5A2C6 /* Inter_24pt-Thin.ttf */; };
		F73C1BAC2C7F2C7200A5A2C6 /* Inter_18pt-ExtraLight.ttf in Resources */ = {isa = PBXBuildFile; fileRef = F73C1B762C7F2C7200A5A2C6 /* Inter_18pt-ExtraLight.ttf */; };
		F7FAF7362C7E27DF0057B655 /* AppDelegate.swift in Sources */ = {isa = PBXBuildFile; fileRef = F7FAF7352C7E27DF0057B655 /* AppDelegate.swift */; };
		F7FAF73D2C7E27DF0057B655 /* Base in Resources */ = {isa = PBXBuildFile; fileRef = F7FAF73C2C7E27DF0057B655 /* Base */; };
		F7FAF73F2C7E27E10057B655 /* Assets.xcassets in Resources */ = {isa = PBXBuildFile; fileRef = F7FAF73E2C7E27E10057B655 /* Assets.xcassets */; };
		F7FAF7422C7E27E10057B655 /* Base in Resources */ = {isa = PBXBuildFile; fileRef = F7FAF7412C7E27E10057B655 /* Base */; };
		F7FAF7B72C7E48A40057B655 /* RegisterVC.swift in Sources */ = {isa = PBXBuildFile; fileRef = F7FAF7B62C7E48A40057B655 /* RegisterVC.swift */; };
/* End PBXBuildFile section */

/* Begin PBXFileReference section */
		0D2D080E2C80912400CB4167 /* Inter.ttc */ = {isa = PBXFileReference; lastKnownFileType = file; name = Inter.ttc; path = "../../../../Downloads/Inter-4.0/Inter.ttc"; sourceTree = "<group>"; };
		0D2D08102C80913E00CB4167 /* web */ = {isa = PBXFileReference; lastKnownFileType = folder; name = web; path = "../../../../Downloads/Inter-4.0/web"; sourceTree = "<group>"; };
		0D2D08132C80926100CB4167 /* login.swift */ = {isa = PBXFileReference; lastKnownFileType = sourcecode.swift; path = login.swift; sourceTree = "<group>"; };
		F73C1B412C7F2C7100A5A2C6 /* Inter_24pt-Light.ttf */ = {isa = PBXFileReference; lastKnownFileType = file; path = "Inter_24pt-Light.ttf"; sourceTree = "<group>"; };
		F73C1B422C7F2C7100A5A2C6 /* Inter_24pt-ThinItalic.ttf */ = {isa = PBXFileReference; lastKnownFileType = file; path = "Inter_24pt-ThinItalic.ttf"; sourceTree = "<group>"; };
		F73C1B432C7F2C7100A5A2C6 /* Inter_28pt-ExtraBold.ttf */ = {isa = PBXFileReference; lastKnownFileType = file; path = "Inter_28pt-ExtraBold.ttf"; sourceTree = "<group>"; };
		F73C1B442C7F2C7100A5A2C6 /* Inter_18pt-ExtraLightItalic.ttf */ = {isa = PBXFileReference; lastKnownFileType = file; path = "Inter_18pt-ExtraLightItalic.ttf"; sourceTree = "<group>"; };
		F73C1B452C7F2C7100A5A2C6 /* Inter_28pt-SemiBoldItalic.ttf */ = {isa = PBXFileReference; lastKnownFileType = file; path = "Inter_28pt-SemiBoldItalic.ttf"; sourceTree = "<group>"; };
		F73C1B462C7F2C7100A5A2C6 /* Inter_24pt-LightItalic.ttf */ = {isa = PBXFileReference; lastKnownFileType = file; path = "Inter_24pt-LightItalic.ttf"; sourceTree = "<group>"; };
		F73C1B472C7F2C7100A5A2C6 /* Inter_18pt-BoldItalic.ttf */ = {isa = PBXFileReference; lastKnownFileType = file; path = "Inter_18pt-BoldItalic.ttf"; sourceTree = "<group>"; };
		F73C1B482C7F2C7100A5A2C6 /* Inter_28pt-Medium.ttf */ = {isa = PBXFileReference; lastKnownFileType = file; path = "Inter_28pt-Medium.ttf"; sourceTree = "<group>"; };
		F73C1B492C7F2C7100A5A2C6 /* Inter_24pt-Regular.ttf */ = {isa = PBXFileReference; lastKnownFileType = file; path = "Inter_24pt-Regular.ttf"; sourceTree = "<group>"; };
		F73C1B4A2C7F2C7100A5A2C6 /* Inter_28pt-LightItalic.ttf */ = {isa = PBXFileReference; lastKnownFileType = file; path = "Inter_28pt-LightItalic.ttf"; sourceTree = "<group>"; };
		F73C1B4B2C7F2C7100A5A2C6 /* Inter_18pt-Italic.ttf */ = {isa = PBXFileReference; lastKnownFileType = file; path = "Inter_18pt-Italic.ttf"; sourceTree = "<group>"; };
		F73C1B4C2C7F2C7100A5A2C6 /* Inter_24pt-Medium.ttf */ = {isa = PBXFileReference; lastKnownFileType = file; path = "Inter_24pt-Medium.ttf"; sourceTree = "<group>"; };
		F73C1B4D2C7F2C7100A5A2C6 /* Inter_18pt-Medium.ttf */ = {isa = PBXFileReference; lastKnownFileType = file; path = "Inter_18pt-Medium.ttf"; sourceTree = "<group>"; };
		F73C1B4E2C7F2C7100A5A2C6 /* Inter_18pt-ExtraBoldItalic.ttf */ = {isa = PBXFileReference; lastKnownFileType = file; path = "Inter_18pt-ExtraBoldItalic.ttf"; sourceTree = "<group>"; };
		F73C1B4F2C7F2C7100A5A2C6 /* Inter_28pt-Thin.ttf */ = {isa = PBXFileReference; lastKnownFileType = file; path = "Inter_28pt-Thin.ttf"; sourceTree = "<group>"; };
		F73C1B502C7F2C7100A5A2C6 /* Inter_28pt-ThinItalic.ttf */ = {isa = PBXFileReference; lastKnownFileType = file; path = "Inter_28pt-ThinItalic.ttf"; sourceTree = "<group>"; };
		F73C1B512C7F2C7100A5A2C6 /* Inter_18pt-Bold.ttf */ = {isa = PBXFileReference; lastKnownFileType = file; path = "Inter_18pt-Bold.ttf"; sourceTree = "<group>"; };
		F73C1B522C7F2C7100A5A2C6 /* Inter_18pt-ExtraBold.ttf */ = {isa = PBXFileReference; lastKnownFileType = file; path = "Inter_18pt-ExtraBold.ttf"; sourceTree = "<group>"; };
		F73C1B532C7F2C7100A5A2C6 /* Inter_24pt-Black.ttf */ = {isa = PBXFileReference; lastKnownFileType = file; path = "Inter_24pt-Black.ttf"; sourceTree = "<group>"; };
		F73C1B542C7F2C7100A5A2C6 /* Inter_24pt-MediumItalic.ttf */ = {isa = PBXFileReference; lastKnownFileType = file; path = "Inter_24pt-MediumItalic.ttf"; sourceTree = "<group>"; };
		F73C1B552C7F2C7100A5A2C6 /* Inter_28pt-Light.ttf */ = {isa = PBXFileReference; lastKnownFileType = file; path = "Inter_28pt-Light.ttf"; sourceTree = "<group>"; };
		F73C1B562C7F2C7100A5A2C6 /* Inter_18pt-ThinItalic.ttf */ = {isa = PBXFileReference; lastKnownFileType = file; path = "Inter_18pt-ThinItalic.ttf"; sourceTree = "<group>"; };
		F73C1B572C7F2C7100A5A2C6 /* Inter_24pt-SemiBold.ttf */ = {isa = PBXFileReference; lastKnownFileType = file; path = "Inter_24pt-SemiBold.ttf"; sourceTree = "<group>"; };
		F73C1B582C7F2C7100A5A2C6 /* Inter_24pt-BoldItalic.ttf */ = {isa = PBXFileReference; lastKnownFileType = file; path = "Inter_24pt-BoldItalic.ttf"; sourceTree = "<group>"; };
		F73C1B592C7F2C7100A5A2C6 /* Inter_28pt-Italic.ttf */ = {isa = PBXFileReference; lastKnownFileType = file; path = "Inter_28pt-Italic.ttf"; sourceTree = "<group>"; };
		F73C1B5A2C7F2C7100A5A2C6 /* Inter_28pt-ExtraLight.ttf */ = {isa = PBXFileReference; lastKnownFileType = file; path = "Inter_28pt-ExtraLight.ttf"; sourceTree = "<group>"; };
		F73C1B5B2C7F2C7100A5A2C6 /* Inter_28pt-Black.ttf */ = {isa = PBXFileReference; lastKnownFileType = file; path = "Inter_28pt-Black.ttf"; sourceTree = "<group>"; };
		F73C1B5C2C7F2C7100A5A2C6 /* Inter_28pt-BlackItalic.ttf */ = {isa = PBXFileReference; lastKnownFileType = file; path = "Inter_28pt-BlackItalic.ttf"; sourceTree = "<group>"; };
		F73C1B5D2C7F2C7100A5A2C6 /* Inter_28pt-SemiBold.ttf */ = {isa = PBXFileReference; lastKnownFileType = file; path = "Inter_28pt-SemiBold.ttf"; sourceTree = "<group>"; };
		F73C1B5E2C7F2C7100A5A2C6 /* Inter_24pt-ExtraBold.ttf */ = {isa = PBXFileReference; lastKnownFileType = file; path = "Inter_24pt-ExtraBold.ttf"; sourceTree = "<group>"; };
		F73C1B5F2C7F2C7100A5A2C6 /* Inter_24pt-SemiBoldItalic.ttf */ = {isa = PBXFileReference; lastKnownFileType = file; path = "Inter_24pt-SemiBoldItalic.ttf"; sourceTree = "<group>"; };
		F73C1B602C7F2C7200A5A2C6 /* Inter_28pt-ExtraBoldItalic.ttf */ = {isa = PBXFileReference; lastKnownFileType = file; path = "Inter_28pt-ExtraBoldItalic.ttf"; sourceTree = "<group>"; };
		F73C1B612C7F2C7200A5A2C6 /* Inter_18pt-Black.ttf */ = {isa = PBXFileReference; lastKnownFileType = file; path = "Inter_18pt-Black.ttf"; sourceTree = "<group>"; };
		F73C1B622C7F2C7200A5A2C6 /* Inter_28pt-ExtraLightItalic.ttf */ = {isa = PBXFileReference; lastKnownFileType = file; path = "Inter_28pt-ExtraLightItalic.ttf"; sourceTree = "<group>"; };
		F73C1B632C7F2C7200A5A2C6 /* Inter_18pt-Regular.ttf */ = {isa = PBXFileReference; lastKnownFileType = file; path = "Inter_18pt-Regular.ttf"; sourceTree = "<group>"; };
		F73C1B642C7F2C7200A5A2C6 /* Inter_28pt-Bold.ttf */ = {isa = PBXFileReference; lastKnownFileType = file; path = "Inter_28pt-Bold.ttf"; sourceTree = "<group>"; };
		F73C1B652C7F2C7200A5A2C6 /* Inter_24pt-ExtraLight.ttf */ = {isa = PBXFileReference; lastKnownFileType = file; path = "Inter_24pt-ExtraLight.ttf"; sourceTree = "<group>"; };
		F73C1B662C7F2C7200A5A2C6 /* Inter_28pt-MediumItalic.ttf */ = {isa = PBXFileReference; lastKnownFileType = file; path = "Inter_28pt-MediumItalic.ttf"; sourceTree = "<group>"; };
		F73C1B672C7F2C7200A5A2C6 /* Inter_18pt-SemiBoldItalic.ttf */ = {isa = PBXFileReference; lastKnownFileType = file; path = "Inter_18pt-SemiBoldItalic.ttf"; sourceTree = "<group>"; };
		F73C1B682C7F2C7200A5A2C6 /* Inter_24pt-Bold.ttf */ = {isa = PBXFileReference; lastKnownFileType = file; path = "Inter_24pt-Bold.ttf"; sourceTree = "<group>"; };
		F73C1B692C7F2C7200A5A2C6 /* Inter_18pt-Thin.ttf */ = {isa = PBXFileReference; lastKnownFileType = file; path = "Inter_18pt-Thin.ttf"; sourceTree = "<group>"; };
		F73C1B6A2C7F2C7200A5A2C6 /* Inter_24pt-Italic.ttf */ = {isa = PBXFileReference; lastKnownFileType = file; path = "Inter_24pt-Italic.ttf"; sourceTree = "<group>"; };
		F73C1B6B2C7F2C7200A5A2C6 /* Inter_18pt-Light.ttf */ = {isa = PBXFileReference; lastKnownFileType = file; path = "Inter_18pt-Light.ttf"; sourceTree = "<group>"; };
		F73C1B6C2C7F2C7200A5A2C6 /* Inter_28pt-Regular.ttf */ = {isa = PBXFileReference; lastKnownFileType = file; path = "Inter_28pt-Regular.ttf"; sourceTree = "<group>"; };
		F73C1B6D2C7F2C7200A5A2C6 /* Inter_18pt-SemiBold.ttf */ = {isa = PBXFileReference; lastKnownFileType = file; path = "Inter_18pt-SemiBold.ttf"; sourceTree = "<group>"; };
		F73C1B6E2C7F2C7200A5A2C6 /* Inter_28pt-BoldItalic.ttf */ = {isa = PBXFileReference; lastKnownFileType = file; path = "Inter_28pt-BoldItalic.ttf"; sourceTree = "<group>"; };
		F73C1B6F2C7F2C7200A5A2C6 /* Inter_24pt-ExtraBoldItalic.ttf */ = {isa = PBXFileReference; lastKnownFileType = file; path = "Inter_24pt-ExtraBoldItalic.ttf"; sourceTree = "<group>"; };
		F73C1B702C7F2C7200A5A2C6 /* Inter_24pt-BlackItalic.ttf */ = {isa = PBXFileReference; lastKnownFileType = file; path = "Inter_24pt-BlackItalic.ttf"; sourceTree = "<group>"; };
		F73C1B712C7F2C7200A5A2C6 /* Inter_18pt-BlackItalic.ttf */ = {isa = PBXFileReference; lastKnownFileType = file; path = "Inter_18pt-BlackItalic.ttf"; sourceTree = "<group>"; };
		F73C1B722C7F2C7200A5A2C6 /* Inter_24pt-ExtraLightItalic.ttf */ = {isa = PBXFileReference; lastKnownFileType = file; path = "Inter_24pt-ExtraLightItalic.ttf"; sourceTree = "<group>"; };
		F73C1B732C7F2C7200A5A2C6 /* Inter_18pt-LightItalic.ttf */ = {isa = PBXFileReference; lastKnownFileType = file; path = "Inter_18pt-LightItalic.ttf"; sourceTree = "<group>"; };
		F73C1B742C7F2C7200A5A2C6 /* Inter_18pt-MediumItalic.ttf */ = {isa = PBXFileReference; lastKnownFileType = file; path = "Inter_18pt-MediumItalic.ttf"; sourceTree = "<group>"; };
		F73C1B752C7F2C7200A5A2C6 /* Inter_24pt-Thin.ttf */ = {isa = PBXFileReference; lastKnownFileType = file; path = "Inter_24pt-Thin.ttf"; sourceTree = "<group>"; };
		F73C1B762C7F2C7200A5A2C6 /* Inter_18pt-ExtraLight.ttf */ = {isa = PBXFileReference; lastKnownFileType = file; path = "Inter_18pt-ExtraLight.ttf"; sourceTree = "<group>"; };
		F7FAF7322C7E27DF0057B655 /* SpeedoTransfer.app */ = {isa = PBXFileReference; explicitFileType = wrapper.application; includeInIndex = 0; path = SpeedoTransfer.app; sourceTree = BUILT_PRODUCTS_DIR; };
		F7FAF7352C7E27DF0057B655 /* AppDelegate.swift */ = {isa = PBXFileReference; lastKnownFileType = sourcecode.swift; path = AppDelegate.swift; sourceTree = "<group>"; };
		F7FAF73C2C7E27DF0057B655 /* Base */ = {isa = PBXFileReference; lastKnownFileType = file.storyboard; name = Base; path = Base.lproj/Main.storyboard; sourceTree = "<group>"; };
		F7FAF73E2C7E27E10057B655 /* Assets.xcassets */ = {isa = PBXFileReference; lastKnownFileType = folder.assetcatalog; path = Assets.xcassets; sourceTree = "<group>"; };
		F7FAF7412C7E27E10057B655 /* Base */ = {isa = PBXFileReference; lastKnownFileType = file.storyboard; name = Base; path = Base.lproj/LaunchScreen.storyboard; sourceTree = "<group>"; };
		F7FAF7432C7E27E10057B655 /* Info.plist */ = {isa = PBXFileReference; lastKnownFileType = text.plist.xml; path = Info.plist; sourceTree = "<group>"; };
		F7FAF7B62C7E48A40057B655 /* RegisterVC.swift */ = {isa = PBXFileReference; lastKnownFileType = sourcecode.swift; path = RegisterVC.swift; sourceTree = "<group>"; };
/* End PBXFileReference section */

/* Begin PBXFrameworksBuildPhase section */
		F7FAF72F2C7E27DF0057B655 /* Frameworks */ = {
			isa = PBXFrameworksBuildPhase;
			buildActionMask = 2147483647;
			files = (
			);
			runOnlyForDeploymentPostprocessing = 0;
		};
/* End PBXFrameworksBuildPhase section */

/* Begin PBXGroup section */
		0D2D08122C80921000CB4167 /* signUp&in */ = {
			isa = PBXGroup;
			children = (
				F7FAF7B62C7E48A40057B655 /* RegisterVC.swift */,
				0D2D08132C80926100CB4167 /* login.swift */,
			);
			path = "signUp&in";
			sourceTree = "<group>";
		};
		F73C1B3E2C7F2B8500A5A2C6 /* Support */ = {
			isa = PBXGroup;
			children = (
				F7FAF73E2C7E27E10057B655 /* Assets.xcassets */,
				F7FAF7402C7E27E10057B655 /* LaunchScreen.storyboard */,
			);
			path = Support;
			sourceTree = "<group>";
		};
		F7FAF7292C7E27DF0057B655 = {
			isa = PBXGroup;
			children = (
				0D2D08122C80921000CB4167 /* signUp&in */,
				F7FAF7342C7E27DF0057B655 /* SpeedoTransfer */,
				F73C1B3E2C7F2B8500A5A2C6 /* Support */,
				F7FAF7332C7E27DF0057B655 /* Products */,
			);
			sourceTree = "<group>";
		};
		F7FAF7332C7E27DF0057B655 /* Products */ = {
			isa = PBXGroup;
			children = (
				F7FAF7322C7E27DF0057B655 /* SpeedoTransfer.app */,
			);
			name = Products;
			sourceTree = "<group>";
		};
		F7FAF7342C7E27DF0057B655 /* SpeedoTransfer */ = {
			isa = PBXGroup;
			children = (
				F7FAF7432C7E27E10057B655 /* Info.plist */,
				F7FAF7352C7E27DF0057B655 /* AppDelegate.swift */,
				F7FAF7492C7E39BA0057B655 /* Fonts */,
				F7FAF73B2C7E27DF0057B655 /* Main.storyboard */,
			);
			path = SpeedoTransfer;
			sourceTree = "<group>";
		};
		F7FAF7492C7E39BA0057B655 /* Fonts */ = {
			isa = PBXGroup;
			children = (
				0D2D08102C80913E00CB4167 /* web */,
				0D2D080E2C80912400CB4167 /* Inter.ttc */,
				F73C1B612C7F2C7200A5A2C6 /* Inter_18pt-Black.ttf */,
				F73C1B712C7F2C7200A5A2C6 /* Inter_18pt-BlackItalic.ttf */,
				F73C1B512C7F2C7100A5A2C6 /* Inter_18pt-Bold.ttf */,
				F73C1B472C7F2C7100A5A2C6 /* Inter_18pt-BoldItalic.ttf */,
				F73C1B522C7F2C7100A5A2C6 /* Inter_18pt-ExtraBold.ttf */,
				F73C1B4E2C7F2C7100A5A2C6 /* Inter_18pt-ExtraBoldItalic.ttf */,
				F73C1B762C7F2C7200A5A2C6 /* Inter_18pt-ExtraLight.ttf */,
				F73C1B442C7F2C7100A5A2C6 /* Inter_18pt-ExtraLightItalic.ttf */,
				F73C1B4B2C7F2C7100A5A2C6 /* Inter_18pt-Italic.ttf */,
				F73C1B6B2C7F2C7200A5A2C6 /* Inter_18pt-Light.ttf */,
				F73C1B732C7F2C7200A5A2C6 /* Inter_18pt-LightItalic.ttf */,
				F73C1B4D2C7F2C7100A5A2C6 /* Inter_18pt-Medium.ttf */,
				F73C1B742C7F2C7200A5A2C6 /* Inter_18pt-MediumItalic.ttf */,
				F73C1B632C7F2C7200A5A2C6 /* Inter_18pt-Regular.ttf */,
				F73C1B6D2C7F2C7200A5A2C6 /* Inter_18pt-SemiBold.ttf */,
				F73C1B672C7F2C7200A5A2C6 /* Inter_18pt-SemiBoldItalic.ttf */,
				F73C1B692C7F2C7200A5A2C6 /* Inter_18pt-Thin.ttf */,
				F73C1B562C7F2C7100A5A2C6 /* Inter_18pt-ThinItalic.ttf */,
				F73C1B532C7F2C7100A5A2C6 /* Inter_24pt-Black.ttf */,
				F73C1B702C7F2C7200A5A2C6 /* Inter_24pt-BlackItalic.ttf */,
				F73C1B682C7F2C7200A5A2C6 /* Inter_24pt-Bold.ttf */,
				F73C1B582C7F2C7100A5A2C6 /* Inter_24pt-BoldItalic.ttf */,
				F73C1B5E2C7F2C7100A5A2C6 /* Inter_24pt-ExtraBold.ttf */,
				F73C1B6F2C7F2C7200A5A2C6 /* Inter_24pt-ExtraBoldItalic.ttf */,
				F73C1B652C7F2C7200A5A2C6 /* Inter_24pt-ExtraLight.ttf */,
				F73C1B722C7F2C7200A5A2C6 /* Inter_24pt-ExtraLightItalic.ttf */,
				F73C1B6A2C7F2C7200A5A2C6 /* Inter_24pt-Italic.ttf */,
				F73C1B412C7F2C7100A5A2C6 /* Inter_24pt-Light.ttf */,
				F73C1B462C7F2C7100A5A2C6 /* Inter_24pt-LightItalic.ttf */,
				F73C1B4C2C7F2C7100A5A2C6 /* Inter_24pt-Medium.ttf */,
				F73C1B542C7F2C7100A5A2C6 /* Inter_24pt-MediumItalic.ttf */,
				F73C1B492C7F2C7100A5A2C6 /* Inter_24pt-Regular.ttf */,
				F73C1B572C7F2C7100A5A2C6 /* Inter_24pt-SemiBold.ttf */,
				F73C1B5F2C7F2C7100A5A2C6 /* Inter_24pt-SemiBoldItalic.ttf */,
				F73C1B752C7F2C7200A5A2C6 /* Inter_24pt-Thin.ttf */,
				F73C1B422C7F2C7100A5A2C6 /* Inter_24pt-ThinItalic.ttf */,
				F73C1B5B2C7F2C7100A5A2C6 /* Inter_28pt-Black.ttf */,
				F73C1B5C2C7F2C7100A5A2C6 /* Inter_28pt-BlackItalic.ttf */,
				F73C1B642C7F2C7200A5A2C6 /* Inter_28pt-Bold.ttf */,
				F73C1B6E2C7F2C7200A5A2C6 /* Inter_28pt-BoldItalic.ttf */,
				F73C1B432C7F2C7100A5A2C6 /* Inter_28pt-ExtraBold.ttf */,
				F73C1B602C7F2C7200A5A2C6 /* Inter_28pt-ExtraBoldItalic.ttf */,
				F73C1B5A2C7F2C7100A5A2C6 /* Inter_28pt-ExtraLight.ttf */,
				F73C1B622C7F2C7200A5A2C6 /* Inter_28pt-ExtraLightItalic.ttf */,
				F73C1B592C7F2C7100A5A2C6 /* Inter_28pt-Italic.ttf */,
				F73C1B552C7F2C7100A5A2C6 /* Inter_28pt-Light.ttf */,
				F73C1B4A2C7F2C7100A5A2C6 /* Inter_28pt-LightItalic.ttf */,
				F73C1B482C7F2C7100A5A2C6 /* Inter_28pt-Medium.ttf */,
				F73C1B662C7F2C7200A5A2C6 /* Inter_28pt-MediumItalic.ttf */,
				F73C1B6C2C7F2C7200A5A2C6 /* Inter_28pt-Regular.ttf */,
				F73C1B5D2C7F2C7100A5A2C6 /* Inter_28pt-SemiBold.ttf */,
				F73C1B452C7F2C7100A5A2C6 /* Inter_28pt-SemiBoldItalic.ttf */,
				F73C1B4F2C7F2C7100A5A2C6 /* Inter_28pt-Thin.ttf */,
				F73C1B502C7F2C7100A5A2C6 /* Inter_28pt-ThinItalic.ttf */,
			);
			path = Fonts;
			sourceTree = "<group>";
		};
/* End PBXGroup section */

/* Begin PBXNativeTarget section */
		F7FAF7312C7E27DF0057B655 /* SpeedoTransfer */ = {
			isa = PBXNativeTarget;
			buildConfigurationList = F7FAF7462C7E27E10057B655 /* Build configuration list for PBXNativeTarget "SpeedoTransfer" */;
			buildPhases = (
				F7FAF72E2C7E27DF0057B655 /* Sources */,
				F7FAF72F2C7E27DF0057B655 /* Frameworks */,
				F7FAF7302C7E27DF0057B655 /* Resources */,
			);
			buildRules = (
			);
			dependencies = (
			);
			name = SpeedoTransfer;
			productName = SpeedoTransfer;
			productReference = F7FAF7322C7E27DF0057B655 /* SpeedoTransfer.app */;
			productType = "com.apple.product-type.application";
		};
/* End PBXNativeTarget section */

/* Begin PBXProject section */
		F7FAF72A2C7E27DF0057B655 /* Project object */ = {
			isa = PBXProject;
			attributes = {
				BuildIndependentTargetsInParallel = 1;
				LastSwiftUpdateCheck = 1540;
				LastUpgradeCheck = 1540;
				TargetAttributes = {
					F7FAF7312C7E27DF0057B655 = {
						CreatedOnToolsVersion = 15.4;
					};
				};
			};
			buildConfigurationList = F7FAF72D2C7E27DF0057B655 /* Build configuration list for PBXProject "SpeedoTransfer" */;
			compatibilityVersion = "Xcode 14.0";
			developmentRegion = en;
			hasScannedForEncodings = 0;
			knownRegions = (
				en,
				Base,
			);
			mainGroup = F7FAF7292C7E27DF0057B655;
			productRefGroup = F7FAF7332C7E27DF0057B655 /* Products */;
			projectDirPath = "";
			projectRoot = "";
			targets = (
				F7FAF7312C7E27DF0057B655 /* SpeedoTransfer */,
			);
		};
/* End PBXProject section */

/* Begin PBXResourcesBuildPhase section */
		F7FAF7302C7E27DF0057B655 /* Resources */ = {
			isa = PBXResourcesBuildPhase;
			buildActionMask = 2147483647;
			files = (
				F73C1B782C7F2C7200A5A2C6 /* Inter_24pt-ThinItalic.ttf in Resources */,
				F73C1B9B2C7F2C7200A5A2C6 /* Inter_24pt-ExtraLight.ttf in Resources */,
				F73C1B772C7F2C7200A5A2C6 /* Inter_24pt-Light.ttf in Resources */,
				F73C1B802C7F2C7200A5A2C6 /* Inter_28pt-LightItalic.ttf in Resources */,
				F73C1B962C7F2C7200A5A2C6 /* Inter_28pt-ExtraBoldItalic.ttf in Resources */,
				F73C1B892C7F2C7200A5A2C6 /* Inter_24pt-Black.ttf in Resources */,
				F73C1B8B2C7F2C7200A5A2C6 /* Inter_28pt-Light.ttf in Resources */,
				F73C1B882C7F2C7200A5A2C6 /* Inter_18pt-ExtraBold.ttf in Resources */,
				F73C1BA72C7F2C7200A5A2C6 /* Inter_18pt-BlackItalic.ttf in Resources */,
				F73C1B8C2C7F2C7200A5A2C6 /* Inter_18pt-ThinItalic.ttf in Resources */,
				F73C1B872C7F2C7200A5A2C6 /* Inter_18pt-Bold.ttf in Resources */,
				F73C1B7B2C7F2C7200A5A2C6 /* Inter_28pt-SemiBoldItalic.ttf in Resources */,
				F73C1B912C7F2C7200A5A2C6 /* Inter_28pt-Black.ttf in Resources */,
				F7FAF73F2C7E27E10057B655 /* Assets.xcassets in Resources */,
				F73C1BA22C7F2C7200A5A2C6 /* Inter_28pt-Regular.ttf in Resources */,
				F73C1B8D2C7F2C7200A5A2C6 /* Inter_24pt-SemiBold.ttf in Resources */,
				F73C1B982C7F2C7200A5A2C6 /* Inter_28pt-ExtraLightItalic.ttf in Resources */,
				F73C1B7A2C7F2C7200A5A2C6 /* Inter_18pt-ExtraLightItalic.ttf in Resources */,
				F73C1BAB2C7F2C7200A5A2C6 /* Inter_24pt-Thin.ttf in Resources */,
				F73C1BAC2C7F2C7200A5A2C6 /* Inter_18pt-ExtraLight.ttf in Resources */,
				F73C1B9E2C7F2C7200A5A2C6 /* Inter_24pt-Bold.ttf in Resources */,
				F73C1B9A2C7F2C7200A5A2C6 /* Inter_28pt-Bold.ttf in Resources */,
				F73C1B7D2C7F2C7200A5A2C6 /* Inter_18pt-BoldItalic.ttf in Resources */,
				F73C1B9C2C7F2C7200A5A2C6 /* Inter_28pt-MediumItalic.ttf in Resources */,
				F73C1B952C7F2C7200A5A2C6 /* Inter_24pt-SemiBoldItalic.ttf in Resources */,
				F73C1B9F2C7F2C7200A5A2C6 /* Inter_18pt-Thin.ttf in Resources */,
				F73C1B8A2C7F2C7200A5A2C6 /* Inter_24pt-MediumItalic.ttf in Resources */,
				F73C1B822C7F2C7200A5A2C6 /* Inter_24pt-Medium.ttf in Resources */,
				F73C1B852C7F2C7200A5A2C6 /* Inter_28pt-Thin.ttf in Resources */,
				F73C1BA12C7F2C7200A5A2C6 /* Inter_18pt-Light.ttf in Resources */,
				F73C1B792C7F2C7200A5A2C6 /* Inter_28pt-ExtraBold.ttf in Resources */,
				F73C1B922C7F2C7200A5A2C6 /* Inter_28pt-BlackItalic.ttf in Resources */,
				F73C1BA32C7F2C7200A5A2C6 /* Inter_18pt-SemiBold.ttf in Resources */,
				F73C1B7E2C7F2C7200A5A2C6 /* Inter_28pt-Medium.ttf in Resources */,
				F73C1B7F2C7F2C7200A5A2C6 /* Inter_24pt-Regular.ttf in Resources */,
				F73C1B8E2C7F2C7200A5A2C6 /* Inter_24pt-BoldItalic.ttf in Resources */,
				F73C1BA62C7F2C7200A5A2C6 /* Inter_24pt-BlackItalic.ttf in Resources */,
				F73C1B812C7F2C7200A5A2C6 /* Inter_18pt-Italic.ttf in Resources */,
				F73C1B862C7F2C7200A5A2C6 /* Inter_28pt-ThinItalic.ttf in Resources */,
				F73C1B992C7F2C7200A5A2C6 /* Inter_18pt-Regular.ttf in Resources */,
				F73C1B9D2C7F2C7200A5A2C6 /* Inter_18pt-SemiBoldItalic.ttf in Resources */,
				F7FAF7422C7E27E10057B655 /* Base in Resources */,
				F73C1B8F2C7F2C7200A5A2C6 /* Inter_28pt-Italic.ttf in Resources */,
				F73C1BA02C7F2C7200A5A2C6 /* Inter_24pt-Italic.ttf in Resources */,
				F73C1B902C7F2C7200A5A2C6 /* Inter_28pt-ExtraLight.ttf in Resources */,
				F73C1B832C7F2C7200A5A2C6 /* Inter_18pt-Medium.ttf in Resources */,
				F73C1BA82C7F2C7200A5A2C6 /* Inter_24pt-ExtraLightItalic.ttf in Resources */,
				F73C1BAA2C7F2C7200A5A2C6 /* Inter_18pt-MediumItalic.ttf in Resources */,
				F7FAF73D2C7E27DF0057B655 /* Base in Resources */,
				F73C1B7C2C7F2C7200A5A2C6 /* Inter_24pt-LightItalic.ttf in Resources */,
				0D2D08112C80913E00CB4167 /* web in Resources */,
				F73C1B972C7F2C7200A5A2C6 /* Inter_18pt-Black.ttf in Resources */,
				F73C1BA52C7F2C7200A5A2C6 /* Inter_24pt-ExtraBoldItalic.ttf in Resources */,
				F73C1B942C7F2C7200A5A2C6 /* Inter_24pt-ExtraBold.ttf in Resources */,
				F73C1BA42C7F2C7200A5A2C6 /* Inter_28pt-BoldItalic.ttf in Resources */,
				0D2D080F2C80912500CB4167 /* Inter.ttc in Resources */,
				F73C1B932C7F2C7200A5A2C6 /* Inter_28pt-SemiBold.ttf in Resources */,
				F73C1B842C7F2C7200A5A2C6 /* Inter_18pt-ExtraBoldItalic.ttf in Resources */,
				F73C1BA92C7F2C7200A5A2C6 /* Inter_18pt-LightItalic.ttf in Resources */,
			);
			runOnlyForDeploymentPostprocessing = 0;
		};
/* End PBXResourcesBuildPhase section */

/* Begin PBXSourcesBuildPhase section */
		F7FAF72E2C7E27DF0057B655 /* Sources */ = {
			isa = PBXSourcesBuildPhase;
			buildActionMask = 2147483647;
			files = (
				F7FAF7B72C7E48A40057B655 /* RegisterVC.swift in Sources */,
				0D2D08142C80926100CB4167 /* login.swift in Sources */,
				F7FAF7362C7E27DF0057B655 /* AppDelegate.swift in Sources */,
			);
			runOnlyForDeploymentPostprocessing = 0;
		};
/* End PBXSourcesBuildPhase section */

/* Begin PBXVariantGroup section */
		F7FAF73B2C7E27DF0057B655 /* Main.storyboard */ = {
			isa = PBXVariantGroup;
			children = (
				F7FAF73C2C7E27DF0057B655 /* Base */,
			);
			name = Main.storyboard;
			sourceTree = "<group>";
		};
		F7FAF7402C7E27E10057B655 /* LaunchScreen.storyboard */ = {
			isa = PBXVariantGroup;
			children = (
				F7FAF7412C7E27E10057B655 /* Base */,
			);
			name = LaunchScreen.storyboard;
			sourceTree = "<group>";
		};
/* End PBXVariantGroup section */

/* Begin XCBuildConfiguration section */
		F7FAF7442C7E27E10057B655 /* Debug */ = {
			isa = XCBuildConfiguration;
			buildSettings = {
				ALWAYS_SEARCH_USER_PATHS = NO;
				ASSETCATALOG_COMPILER_GENERATE_SWIFT_ASSET_SYMBOL_EXTENSIONS = YES;
				CLANG_ANALYZER_NONNULL = YES;
				CLANG_ANALYZER_NUMBER_OBJECT_CONVERSION = YES_AGGRESSIVE;
				CLANG_CXX_LANGUAGE_STANDARD = "gnu++20";
				CLANG_ENABLE_MODULES = YES;
				CLANG_ENABLE_OBJC_ARC = YES;
				CLANG_ENABLE_OBJC_WEAK = YES;
				CLANG_WARN_BLOCK_CAPTURE_AUTORELEASING = YES;
				CLANG_WARN_BOOL_CONVERSION = YES;
				CLANG_WARN_COMMA = YES;
				CLANG_WARN_CONSTANT_CONVERSION = YES;
				CLANG_WARN_DEPRECATED_OBJC_IMPLEMENTATIONS = YES;
				CLANG_WARN_DIRECT_OBJC_ISA_USAGE = YES_ERROR;
				CLANG_WARN_DOCUMENTATION_COMMENTS = YES;
				CLANG_WARN_EMPTY_BODY = YES;
				CLANG_WARN_ENUM_CONVERSION = YES;
				CLANG_WARN_INFINITE_RECURSION = YES;
				CLANG_WARN_INT_CONVERSION = YES;
				CLANG_WARN_NON_LITERAL_NULL_CONVERSION = YES;
				CLANG_WARN_OBJC_IMPLICIT_RETAIN_SELF = YES;
				CLANG_WARN_OBJC_LITERAL_CONVERSION = YES;
				CLANG_WARN_OBJC_ROOT_CLASS = YES_ERROR;
				CLANG_WARN_QUOTED_INCLUDE_IN_FRAMEWORK_HEADER = YES;
				CLANG_WARN_RANGE_LOOP_ANALYSIS = YES;
				CLANG_WARN_STRICT_PROTOTYPES = YES;
				CLANG_WARN_SUSPICIOUS_MOVE = YES;
				CLANG_WARN_UNGUARDED_AVAILABILITY = YES_AGGRESSIVE;
				CLANG_WARN_UNREACHABLE_CODE = YES;
				CLANG_WARN__DUPLICATE_METHOD_MATCH = YES;
				COPY_PHASE_STRIP = NO;
				DEBUG_INFORMATION_FORMAT = dwarf;
				ENABLE_STRICT_OBJC_MSGSEND = YES;
				ENABLE_TESTABILITY = YES;
				ENABLE_USER_SCRIPT_SANDBOXING = YES;
				GCC_C_LANGUAGE_STANDARD = gnu17;
				GCC_DYNAMIC_NO_PIC = NO;
				GCC_NO_COMMON_BLOCKS = YES;
				GCC_OPTIMIZATION_LEVEL = 0;
				GCC_PREPROCESSOR_DEFINITIONS = (
					"DEBUG=1",
					"$(inherited)",
				);
				GCC_WARN_64_TO_32_BIT_CONVERSION = YES;
				GCC_WARN_ABOUT_RETURN_TYPE = YES_ERROR;
				GCC_WARN_UNDECLARED_SELECTOR = YES;
				GCC_WARN_UNINITIALIZED_AUTOS = YES_AGGRESSIVE;
				GCC_WARN_UNUSED_FUNCTION = YES;
				GCC_WARN_UNUSED_VARIABLE = YES;
				IPHONEOS_DEPLOYMENT_TARGET = 17.5;
				LOCALIZATION_PREFERS_STRING_CATALOGS = YES;
				MTL_ENABLE_DEBUG_INFO = INCLUDE_SOURCE;
				MTL_FAST_MATH = YES;
				ONLY_ACTIVE_ARCH = YES;
				SDKROOT = iphoneos;
				SWIFT_ACTIVE_COMPILATION_CONDITIONS = "DEBUG $(inherited)";
				SWIFT_OPTIMIZATION_LEVEL = "-Onone";
			};
			name = Debug;
		};
		F7FAF7452C7E27E10057B655 /* Release */ = {
			isa = XCBuildConfiguration;
			buildSettings = {
				ALWAYS_SEARCH_USER_PATHS = NO;
				ASSETCATALOG_COMPILER_GENERATE_SWIFT_ASSET_SYMBOL_EXTENSIONS = YES;
				CLANG_ANALYZER_NONNULL = YES;
				CLANG_ANALYZER_NUMBER_OBJECT_CONVERSION = YES_AGGRESSIVE;
				CLANG_CXX_LANGUAGE_STANDARD = "gnu++20";
				CLANG_ENABLE_MODULES = YES;
				CLANG_ENABLE_OBJC_ARC = YES;
				CLANG_ENABLE_OBJC_WEAK = YES;
				CLANG_WARN_BLOCK_CAPTURE_AUTORELEASING = YES;
				CLANG_WARN_BOOL_CONVERSION = YES;
				CLANG_WARN_COMMA = YES;
				CLANG_WARN_CONSTANT_CONVERSION = YES;
				CLANG_WARN_DEPRECATED_OBJC_IMPLEMENTATIONS = YES;
				CLANG_WARN_DIRECT_OBJC_ISA_USAGE = YES_ERROR;
				CLANG_WARN_DOCUMENTATION_COMMENTS = YES;
				CLANG_WARN_EMPTY_BODY = YES;
				CLANG_WARN_ENUM_CONVERSION = YES;
				CLANG_WARN_INFINITE_RECURSION = YES;
				CLANG_WARN_INT_CONVERSION = YES;
				CLANG_WARN_NON_LITERAL_NULL_CONVERSION = YES;
				CLANG_WARN_OBJC_IMPLICIT_RETAIN_SELF = YES;
				CLANG_WARN_OBJC_LITERAL_CONVERSION = YES;
				CLANG_WARN_OBJC_ROOT_CLASS = YES_ERROR;
				CLANG_WARN_QUOTED_INCLUDE_IN_FRAMEWORK_HEADER = YES;
				CLANG_WARN_RANGE_LOOP_ANALYSIS = YES;
				CLANG_WARN_STRICT_PROTOTYPES = YES;
				CLANG_WARN_SUSPICIOUS_MOVE = YES;
				CLANG_WARN_UNGUARDED_AVAILABILITY = YES_AGGRESSIVE;
				CLANG_WARN_UNREACHABLE_CODE = YES;
				CLANG_WARN__DUPLICATE_METHOD_MATCH = YES;
				COPY_PHASE_STRIP = NO;
				DEBUG_INFORMATION_FORMAT = "dwarf-with-dsym";
				ENABLE_NS_ASSERTIONS = NO;
				ENABLE_STRICT_OBJC_MSGSEND = YES;
				ENABLE_USER_SCRIPT_SANDBOXING = YES;
				GCC_C_LANGUAGE_STANDARD = gnu17;
				GCC_NO_COMMON_BLOCKS = YES;
				GCC_WARN_64_TO_32_BIT_CONVERSION = YES;
				GCC_WARN_ABOUT_RETURN_TYPE = YES_ERROR;
				GCC_WARN_UNDECLARED_SELECTOR = YES;
				GCC_WARN_UNINITIALIZED_AUTOS = YES_AGGRESSIVE;
				GCC_WARN_UNUSED_FUNCTION = YES;
				GCC_WARN_UNUSED_VARIABLE = YES;
				IPHONEOS_DEPLOYMENT_TARGET = 17.5;
				LOCALIZATION_PREFERS_STRING_CATALOGS = YES;
				MTL_ENABLE_DEBUG_INFO = NO;
				MTL_FAST_MATH = YES;
				SDKROOT = iphoneos;
				SWIFT_COMPILATION_MODE = wholemodule;
				VALIDATE_PRODUCT = YES;
			};
			name = Release;
		};
		F7FAF7472C7E27E10057B655 /* Debug */ = {
			isa = XCBuildConfiguration;
			buildSettings = {
				ASSETCATALOG_COMPILER_APPICON_NAME = AppIcon;
				ASSETCATALOG_COMPILER_GLOBAL_ACCENT_COLOR_NAME = AccentColor;
				CODE_SIGN_STYLE = Automatic;
				CURRENT_PROJECT_VERSION = 1;
				DEVELOPMENT_TEAM = 2F6FZV8L79;
				GENERATE_INFOPLIST_FILE = YES;
				INFOPLIST_FILE = SpeedoTransfer/Info.plist;
				INFOPLIST_KEY_UIApplicationSupportsIndirectInputEvents = YES;
				INFOPLIST_KEY_UILaunchStoryboardName = LaunchScreen;
				INFOPLIST_KEY_UIMainStoryboardFile = Main;
				INFOPLIST_KEY_UISupportedInterfaceOrientations = UIInterfaceOrientationPortrait;
				INFOPLIST_KEY_UISupportedInterfaceOrientations_iPad = "UIInterfaceOrientationLandscapeLeft UIInterfaceOrientationLandscapeRight UIInterfaceOrientationPortrait UIInterfaceOrientationPortraitUpsideDown";
				LD_RUNPATH_SEARCH_PATHS = (
					"$(inherited)",
					"@executable_path/Frameworks",
				);
				MARKETING_VERSION = 1.0;
				PRODUCT_BUNDLE_IDENTIFIER = com.atallah.SpeedoTransfer;
				PRODUCT_NAME = "$(TARGET_NAME)";
				SUPPORTED_PLATFORMS = "iphoneos iphonesimulator";
				SUPPORTS_MACCATALYST = NO;
				SUPPORTS_MAC_DESIGNED_FOR_IPHONE_IPAD = NO;
				SUPPORTS_XR_DESIGNED_FOR_IPHONE_IPAD = NO;
				SWIFT_EMIT_LOC_STRINGS = YES;
				SWIFT_VERSION = 5.0;
				TARGETED_DEVICE_FAMILY = 1;
			};
			name = Debug;
		};
		F7FAF7482C7E27E10057B655 /* Release */ = {
			isa = XCBuildConfiguration;
			buildSettings = {
				ASSETCATALOG_COMPILER_APPICON_NAME = AppIcon;
				ASSETCATALOG_COMPILER_GLOBAL_ACCENT_COLOR_NAME = AccentColor;
				CODE_SIGN_STYLE = Automatic;
				CURRENT_PROJECT_VERSION = 1;
				DEVELOPMENT_TEAM = 2F6FZV8L79;
				GENERATE_INFOPLIST_FILE = YES;
				INFOPLIST_FILE = SpeedoTransfer/Info.plist;
				INFOPLIST_KEY_UIApplicationSupportsIndirectInputEvents = YES;
				INFOPLIST_KEY_UILaunchStoryboardName = LaunchScreen;
				INFOPLIST_KEY_UIMainStoryboardFile = Main;
				INFOPLIST_KEY_UISupportedInterfaceOrientations = UIInterfaceOrientationPortrait;
				INFOPLIST_KEY_UISupportedInterfaceOrientations_iPad = "UIInterfaceOrientationLandscapeLeft UIInterfaceOrientationLandscapeRight UIInterfaceOrientationPortrait UIInterfaceOrientationPortraitUpsideDown";
				LD_RUNPATH_SEARCH_PATHS = (
					"$(inherited)",
					"@executable_path/Frameworks",
				);
				MARKETING_VERSION = 1.0;
				PRODUCT_BUNDLE_IDENTIFIER = com.atallah.SpeedoTransfer;
				PRODUCT_NAME = "$(TARGET_NAME)";
				SUPPORTED_PLATFORMS = "iphoneos iphonesimulator";
				SUPPORTS_MACCATALYST = NO;
				SUPPORTS_MAC_DESIGNED_FOR_IPHONE_IPAD = NO;
				SUPPORTS_XR_DESIGNED_FOR_IPHONE_IPAD = NO;
				SWIFT_EMIT_LOC_STRINGS = YES;
				SWIFT_VERSION = 5.0;
				TARGETED_DEVICE_FAMILY = 1;
			};
			name = Release;
		};
/* End XCBuildConfiguration section */

/* Begin XCConfigurationList section */
		F7FAF72D2C7E27DF0057B655 /* Build configuration list for PBXProject "SpeedoTransfer" */ = {
			isa = XCConfigurationList;
			buildConfigurations = (
				F7FAF7442C7E27E10057B655 /* Debug */,
				F7FAF7452C7E27E10057B655 /* Release */,
			);
			defaultConfigurationIsVisible = 0;
			defaultConfigurationName = Release;
		};
		F7FAF7462C7E27E10057B655 /* Build configuration list for PBXNativeTarget "SpeedoTransfer" */ = {
			isa = XCConfigurationList;
			buildConfigurations = (
				F7FAF7472C7E27E10057B655 /* Debug */,
				F7FAF7482C7E27E10057B655 /* Release */,
			);
			defaultConfigurationIsVisible = 0;
			defaultConfigurationName = Release;
		};
/* End XCConfigurationList section */
	};
	rootObject = F7FAF72A2C7E27DF0057B655 /* Project object */;
}
