// !$*UTF8*$!
{
	archiveVersion = 1;
	classes = {
	};
	objectVersion = 56;
	objects = {

/* Begin PBXBuildFile section */
		0D0626CA2C89CA3300725116 /* ConfirmationTransferVC.swift in Sources */ = {isa = PBXBuildFile; fileRef = 0D0626C82C89CA3200725116 /* ConfirmationTransferVC.swift */; };
		0D0626CB2C89CA3300725116 /* ConfirmationTransferVC.xib in Resources */ = {isa = PBXBuildFile; fileRef = 0D0626C92C89CA3200725116 /* ConfirmationTransferVC.xib */; };
		0D0626CD2C89DA1600725116 /* BottomSheet.swift in Sources */ = {isa = PBXBuildFile; fileRef = 0D0626CC2C89DA1600725116 /* BottomSheet.swift */; };
		0D0626D52C89E58300725116 /* TransactionsTableTableViewCell.swift in Sources */ = {isa = PBXBuildFile; fileRef = 0D0626D32C89E58300725116 /* TransactionsTableTableViewCell.swift */; };
		0D0626D62C89E58300725116 /* TransactionsTableTableViewCell.xib in Resources */ = {isa = PBXBuildFile; fileRef = 0D0626D42C89E58300725116 /* TransactionsTableTableViewCell.xib */; };
		0D0626DD2C89FDCF00725116 /* HomeTransferVC.swift in Sources */ = {isa = PBXBuildFile; fileRef = 0D0626DB2C89FDCF00725116 /* HomeTransferVC.swift */; };
		0D0626DE2C89FDCF00725116 /* HomeTransferVC.xib in Resources */ = {isa = PBXBuildFile; fileRef = 0D0626DC2C89FDCF00725116 /* HomeTransferVC.xib */; };
		0DB75D002C80A4C000C6DE08 /* Inter.ttc in Resources */ = {isa = PBXBuildFile; fileRef = 0DB75CFF2C80A4C000C6DE08 /* Inter.ttc */; };
		0DB883542C819BE600A487BE /* Error.storyboard in Resources */ = {isa = PBXBuildFile; fileRef = 0DB883532C819BE600A487BE /* Error.storyboard */; };
		0DB883562C819C3D00A487BE /* Error404VC.swift in Sources */ = {isa = PBXBuildFile; fileRef = 0DB883552C819C3D00A487BE /* Error404VC.swift */; };
		0DB883582C81A2A400A487BE /* NoInternetVC.swift in Sources */ = {isa = PBXBuildFile; fileRef = 0DB883572C81A2A400A487BE /* NoInternetVC.swift */; };
		F73C1B772C7F2C7200A5A2C6 /* Inter_24pt-Light.ttf in Resources */ = {isa = PBXBuildFile; fileRef = F73C1B412C7F2C7100A5A2C6 /* Inter_24pt-Light.ttf */; };
		F73C1B782C7F2C7200A5A2C6 /* Inter_24pt-ThinItalic.ttf in Resources */ = {isa = PBXBuildFile; fileRef = F73C1B422C7F2C7100A5A2C6 /* Inter_24pt-ThinItalic.ttf */; };
		F73C1B792C7F2C7200A5A2C6 /* Inter_28pt-ExtraBold.ttf in Resources */ = {isa = PBXBuildFile; fileRef = F73C1B432C7F2C7100A5A2C6 /* Inter_28pt-ExtraBold.ttf */; };
		F73C1B7A2C7F2C7200A5A2C6 /* Inter_18pt-ExtraLightItalic.ttf in Resources */ = {isa = PBXBuildFile; fileRef = F73C1B442C7F2C7100A5A2C6 /* Inter_18pt-ExtraLightItalic.ttf */; };
		F73C1B7B2C7F2C7200A5A2C6 /* Inter_28pt-SemiBoldItalic.ttf in Resources */ = {isa = PBXBuildFile; fileRef = F73C1B452C7F2C7100A5A2C6 /* Inter_28pt-SemiBoldItalic.ttf */; };
		F73C1B7C2C7F2C7200A5A2C6 /* Inter_24pt-LightItalic.ttf in Resources */ = {isa = PBXBuildFile; fileRef = F73C1B462C7F2C7100A5A2C6 /* Inter_24pt-LightItalic.ttf */; };
		F73C1B7D2C7F2C7200A5A2C6 /* Inter_18pt-BoldItalic.ttf in Resources */ = {isa = PBXBuildFile; fileRef = F73C1B472C7F2C7100A5A2C6 /* Inter_18pt-BoldItalic.ttf */; };
		F73C1B7E2C7F2C7200A5A2C6 /* Inter_28pt-Medium.ttf in Resources */ = {isa = PBXBuildFile; fileRef = F73C1B482C7F2C7100A5A2C6 /* Inter_28pt-Medium.ttf */; };
		F73C1B7F2C7F2C7200A5A2C6 /* Inter_24pt-Regular.ttf in Resources */ = {isa = PBXBuildFile; fileRef = F73C1B492C7F2C7100A5A2C6 /* Inter_24pt-Regular.ttf */; };
		F73C1B802C7F2C7200A5A2C6 /* Inter_28pt-LightItalic.ttf in Resources */ = {isa = PBXBuildFile; fileRef = F73C1B4A2C7F2C7100A5A2C6 /* Inter_28pt-LightItalic.ttf */; };
		F73C1B812C7F2C7200A5A2C6 /* Inter_18pt-Italic.ttf in Resources */ = {isa = PBXBuildFile; fileRef = F73C1B4B2C7F2C7100A5A2C6 /* Inter_18pt-Italic.ttf */; };
		F73C1B822C7F2C7200A5A2C6 /* Inter_24pt-Medium.ttf in Resources */ = {isa = PBXBuildFile; fileRef = F73C1B4C2C7F2C7100A5A2C6 /* Inter_24pt-Medium.ttf */; };
		F73C1B832C7F2C7200A5A2C6 /* Inter_18pt-Medium.ttf in Resources */ = {isa = PBXBuildFile; fileRef = F73C1B4D2C7F2C7100A5A2C6 /* Inter_18pt-Medium.ttf */; };
		F73C1B842C7F2C7200A5A2C6 /* Inter_18pt-ExtraBoldItalic.ttf in Resources */ = {isa = PBXBuildFile; fileRef = F73C1B4E2C7F2C7100A5A2C6 /* Inter_18pt-ExtraBoldItalic.ttf */; };
		F73C1B852C7F2C7200A5A2C6 /* Inter_28pt-Thin.ttf in Resources */ = {isa = PBXBuildFile; fileRef = F73C1B4F2C7F2C7100A5A2C6 /* Inter_28pt-Thin.ttf */; };
		F73C1B862C7F2C7200A5A2C6 /* Inter_28pt-ThinItalic.ttf in Resources */ = {isa = PBXBuildFile; fileRef = F73C1B502C7F2C7100A5A2C6 /* Inter_28pt-ThinItalic.ttf */; };
		F73C1B872C7F2C7200A5A2C6 /* Inter_18pt-Bold.ttf in Resources */ = {isa = PBXBuildFile; fileRef = F73C1B512C7F2C7100A5A2C6 /* Inter_18pt-Bold.ttf */; };
		F73C1B882C7F2C7200A5A2C6 /* Inter_18pt-ExtraBold.ttf in Resources */ = {isa = PBXBuildFile; fileRef = F73C1B522C7F2C7100A5A2C6 /* Inter_18pt-ExtraBold.ttf */; };
		F73C1B892C7F2C7200A5A2C6 /* Inter_24pt-Black.ttf in Resources */ = {isa = PBXBuildFile; fileRef = F73C1B532C7F2C7100A5A2C6 /* Inter_24pt-Black.ttf */; };
		F73C1B8A2C7F2C7200A5A2C6 /* Inter_24pt-MediumItalic.ttf in Resources */ = {isa = PBXBuildFile; fileRef = F73C1B542C7F2C7100A5A2C6 /* Inter_24pt-MediumItalic.ttf */; };
		F73C1B8B2C7F2C7200A5A2C6 /* Inter_28pt-Light.ttf in Resources */ = {isa = PBXBuildFile; fileRef = F73C1B552C7F2C7100A5A2C6 /* Inter_28pt-Light.ttf */; };
		F73C1B8C2C7F2C7200A5A2C6 /* Inter_18pt-ThinItalic.ttf in Resources */ = {isa = PBXBuildFile; fileRef = F73C1B562C7F2C7100A5A2C6 /* Inter_18pt-ThinItalic.ttf */; };
		F73C1B8D2C7F2C7200A5A2C6 /* Inter_24pt-SemiBold.ttf in Resources */ = {isa = PBXBuildFile; fileRef = F73C1B572C7F2C7100A5A2C6 /* Inter_24pt-SemiBold.ttf */; };
		F73C1B8E2C7F2C7200A5A2C6 /* Inter_24pt-BoldItalic.ttf in Resources */ = {isa = PBXBuildFile; fileRef = F73C1B582C7F2C7100A5A2C6 /* Inter_24pt-BoldItalic.ttf */; };
		F73C1B8F2C7F2C7200A5A2C6 /* Inter_28pt-Italic.ttf in Resources */ = {isa = PBXBuildFile; fileRef = F73C1B592C7F2C7100A5A2C6 /* Inter_28pt-Italic.ttf */; };
		F73C1B902C7F2C7200A5A2C6 /* Inter_28pt-ExtraLight.ttf in Resources */ = {isa = PBXBuildFile; fileRef = F73C1B5A2C7F2C7100A5A2C6 /* Inter_28pt-ExtraLight.ttf */; };
		F73C1B912C7F2C7200A5A2C6 /* Inter_28pt-Black.ttf in Resources */ = {isa = PBXBuildFile; fileRef = F73C1B5B2C7F2C7100A5A2C6 /* Inter_28pt-Black.ttf */; };
		F73C1B922C7F2C7200A5A2C6 /* Inter_28pt-BlackItalic.ttf in Resources */ = {isa = PBXBuildFile; fileRef = F73C1B5C2C7F2C7100A5A2C6 /* Inter_28pt-BlackItalic.ttf */; };
		F73C1B932C7F2C7200A5A2C6 /* Inter_28pt-SemiBold.ttf in Resources */ = {isa = PBXBuildFile; fileRef = F73C1B5D2C7F2C7100A5A2C6 /* Inter_28pt-SemiBold.ttf */; };
		F73C1B942C7F2C7200A5A2C6 /* Inter_24pt-ExtraBold.ttf in Resources */ = {isa = PBXBuildFile; fileRef = F73C1B5E2C7F2C7100A5A2C6 /* Inter_24pt-ExtraBold.ttf */; };
		F73C1B952C7F2C7200A5A2C6 /* Inter_24pt-SemiBoldItalic.ttf in Resources */ = {isa = PBXBuildFile; fileRef = F73C1B5F2C7F2C7100A5A2C6 /* Inter_24pt-SemiBoldItalic.ttf */; };
		F73C1B962C7F2C7200A5A2C6 /* Inter_28pt-ExtraBoldItalic.ttf in Resources */ = {isa = PBXBuildFile; fileRef = F73C1B602C7F2C7200A5A2C6 /* Inter_28pt-ExtraBoldItalic.ttf */; };
		F73C1B972C7F2C7200A5A2C6 /* Inter_18pt-Black.ttf in Resources */ = {isa = PBXBuildFile; fileRef = F73C1B612C7F2C7200A5A2C6 /* Inter_18pt-Black.ttf */; };
		F73C1B982C7F2C7200A5A2C6 /* Inter_28pt-ExtraLightItalic.ttf in Resources */ = {isa = PBXBuildFile; fileRef = F73C1B622C7F2C7200A5A2C6 /* Inter_28pt-ExtraLightItalic.ttf */; };
		F73C1B992C7F2C7200A5A2C6 /* Inter_18pt-Regular.ttf in Resources */ = {isa = PBXBuildFile; fileRef = F73C1B632C7F2C7200A5A2C6 /* Inter_18pt-Regular.ttf */; };
		F73C1B9A2C7F2C7200A5A2C6 /* Inter_28pt-Bold.ttf in Resources */ = {isa = PBXBuildFile; fileRef = F73C1B642C7F2C7200A5A2C6 /* Inter_28pt-Bold.ttf */; };
		F73C1B9B2C7F2C7200A5A2C6 /* Inter_24pt-ExtraLight.ttf in Resources */ = {isa = PBXBuildFile; fileRef = F73C1B652C7F2C7200A5A2C6 /* Inter_24pt-ExtraLight.ttf */; };
		F73C1B9C2C7F2C7200A5A2C6 /* Inter_28pt-MediumItalic.ttf in Resources */ = {isa = PBXBuildFile; fileRef = F73C1B662C7F2C7200A5A2C6 /* Inter_28pt-MediumItalic.ttf */; };
		F73C1B9D2C7F2C7200A5A2C6 /* Inter_18pt-SemiBoldItalic.ttf in Resources */ = {isa = PBXBuildFile; fileRef = F73C1B672C7F2C7200A5A2C6 /* Inter_18pt-SemiBoldItalic.ttf */; };
		F73C1B9E2C7F2C7200A5A2C6 /* Inter_24pt-Bold.ttf in Resources */ = {isa = PBXBuildFile; fileRef = F73C1B682C7F2C7200A5A2C6 /* Inter_24pt-Bold.ttf */; };
		F73C1B9F2C7F2C7200A5A2C6 /* Inter_18pt-Thin.ttf in Resources */ = {isa = PBXBuildFile; fileRef = F73C1B692C7F2C7200A5A2C6 /* Inter_18pt-Thin.ttf */; };
		F73C1BA02C7F2C7200A5A2C6 /* Inter_24pt-Italic.ttf in Resources */ = {isa = PBXBuildFile; fileRef = F73C1B6A2C7F2C7200A5A2C6 /* Inter_24pt-Italic.ttf */; };
		F73C1BA12C7F2C7200A5A2C6 /* Inter_18pt-Light.ttf in Resources */ = {isa = PBXBuildFile; fileRef = F73C1B6B2C7F2C7200A5A2C6 /* Inter_18pt-Light.ttf */; };
		F73C1BA22C7F2C7200A5A2C6 /* Inter_28pt-Regular.ttf in Resources */ = {isa = PBXBuildFile; fileRef = F73C1B6C2C7F2C7200A5A2C6 /* Inter_28pt-Regular.ttf */; };
		F73C1BA32C7F2C7200A5A2C6 /* Inter_18pt-SemiBold.ttf in Resources */ = {isa = PBXBuildFile; fileRef = F73C1B6D2C7F2C7200A5A2C6 /* Inter_18pt-SemiBold.ttf */; };
		F73C1BA42C7F2C7200A5A2C6 /* Inter_28pt-BoldItalic.ttf in Resources */ = {isa = PBXBuildFile; fileRef = F73C1B6E2C7F2C7200A5A2C6 /* Inter_28pt-BoldItalic.ttf */; };
		F73C1BA52C7F2C7200A5A2C6 /* Inter_24pt-ExtraBoldItalic.ttf in Resources */ = {isa = PBXBuildFile; fileRef = F73C1B6F2C7F2C7200A5A2C6 /* Inter_24pt-ExtraBoldItalic.ttf */; };
		F73C1BA62C7F2C7200A5A2C6 /* Inter_24pt-BlackItalic.ttf in Resources */ = {isa = PBXBuildFile; fileRef = F73C1B702C7F2C7200A5A2C6 /* Inter_24pt-BlackItalic.ttf */; };
		F73C1BA72C7F2C7200A5A2C6 /* Inter_18pt-BlackItalic.ttf in Resources */ = {isa = PBXBuildFile; fileRef = F73C1B712C7F2C7200A5A2C6 /* Inter_18pt-BlackItalic.ttf */; };
		F73C1BA82C7F2C7200A5A2C6 /* Inter_24pt-ExtraLightItalic.ttf in Resources */ = {isa = PBXBuildFile; fileRef = F73C1B722C7F2C7200A5A2C6 /* Inter_24pt-ExtraLightItalic.ttf */; };
		F73C1BA92C7F2C7200A5A2C6 /* Inter_18pt-LightItalic.ttf in Resources */ = {isa = PBXBuildFile; fileRef = F73C1B732C7F2C7200A5A2C6 /* Inter_18pt-LightItalic.ttf */; };
		F73C1BAA2C7F2C7200A5A2C6 /* Inter_18pt-MediumItalic.ttf in Resources */ = {isa = PBXBuildFile; fileRef = F73C1B742C7F2C7200A5A2C6 /* Inter_18pt-MediumItalic.ttf */; };
		F73C1BAB2C7F2C7200A5A2C6 /* Inter_24pt-Thin.ttf in Resources */ = {isa = PBXBuildFile; fileRef = F73C1B752C7F2C7200A5A2C6 /* Inter_24pt-Thin.ttf */; };
		F73C1BAC2C7F2C7200A5A2C6 /* Inter_18pt-ExtraLight.ttf in Resources */ = {isa = PBXBuildFile; fileRef = F73C1B762C7F2C7200A5A2C6 /* Inter_18pt-ExtraLight.ttf */; };
		F73C1BEE2C808C9900A5A2C6 /* OnboardingViews.storyboard in Resources */ = {isa = PBXBuildFile; fileRef = F73C1BED2C808C9900A5A2C6 /* OnboardingViews.storyboard */; };
		F73C1BF02C808CB700A5A2C6 /* PaymentOnbaordingVC.swift in Sources */ = {isa = PBXBuildFile; fileRef = F73C1BEF2C808CB700A5A2C6 /* PaymentOnbaordingVC.swift */; };
		F73C1BF32C808CFF00A5A2C6 /* AmountOnbaordingVC.swift in Sources */ = {isa = PBXBuildFile; fileRef = F73C1BF22C808CFF00A5A2C6 /* AmountOnbaordingVC.swift */; };
		F73C1BF52C808D1200A5A2C6 /* ConfirmationOnbaordingVC.swift in Sources */ = {isa = PBXBuildFile; fileRef = F73C1BF42C808D1200A5A2C6 /* ConfirmationOnbaordingVC.swift */; };
		F7411D922C8173D0009DAB14 /* UIView+EXT.swift in Sources */ = {isa = PBXBuildFile; fileRef = F7411D912C8173D0009DAB14 /* UIView+EXT.swift */; };
		F7411D942C8173FE009DAB14 /* UIColor+EXT.swift in Sources */ = {isa = PBXBuildFile; fileRef = F7411D932C8173FE009DAB14 /* UIColor+EXT.swift */; };
		F74203532C83337B00F3481A /* ProfileVC.swift in Sources */ = {isa = PBXBuildFile; fileRef = F74203522C83337B00F3481A /* ProfileVC.swift */; };
		F74203572C8333BF00F3481A /* Profile.storyboard in Resources */ = {isa = PBXBuildFile; fileRef = F74203562C8333BF00F3481A /* Profile.storyboard */; };
		F742035A2C8339C700F3481A /* ProfileTableViewCell.xib in Resources */ = {isa = PBXBuildFile; fileRef = F74203592C8339C700F3481A /* ProfileTableViewCell.xib */; };
		F742035B2C8339C700F3481A /* ProfileTableViewCell.swift in Sources */ = {isa = PBXBuildFile; fileRef = F74203582C8339C700F3481A /* ProfileTableViewCell.swift */; };
		F742035D2C833FCF00F3481A /* ProfileCell.swift in Sources */ = {isa = PBXBuildFile; fileRef = F742035C2C833FCF00F3481A /* ProfileCell.swift */; };
		F74AAB232C81E7CD00C63A87 /* String+EXT.swift in Sources */ = {isa = PBXBuildFile; fileRef = F74AAB222C81E7CD00C63A87 /* String+EXT.swift */; };
		F74AAB252C81E83200C63A87 /* User.swift in Sources */ = {isa = PBXBuildFile; fileRef = F74AAB242C81E83200C63A87 /* User.swift */; };
		F74DBA482C89D5570063942A /* STTabBarController.swift in Sources */ = {isa = PBXBuildFile; fileRef = F74DBA472C89D5570063942A /* STTabBarController.swift */; };
		F74DBA4A2C89DDD40063942A /* RegisterVC.swift in Sources */ = {isa = PBXBuildFile; fileRef = F74DBA492C89DDD40063942A /* RegisterVC.swift */; };
		F74DBA4C2C89FB0A0063942A /* LoginVC.swift in Sources */ = {isa = PBXBuildFile; fileRef = F74DBA4B2C89FB0A0063942A /* LoginVC.swift */; };
		F74DBA5C2C8A148F0063942A /* UIViewController+EXT.swift in Sources */ = {isa = PBXBuildFile; fileRef = F74DBA5B2C8A148F0063942A /* UIViewController+EXT.swift */; };
		F7534F192C877FA600813E5B /* RegisterVC.xib in Resources */ = {isa = PBXBuildFile; fileRef = F7534F172C877FA600813E5B /* RegisterVC.xib */; };
		F7534F1D2C877FD800813E5B /* LoginVC.xib in Resources */ = {isa = PBXBuildFile; fileRef = F7534F1B2C877FD800813E5B /* LoginVC.xib */; };
		F7534F212C87800000813E5B /* TimeOutVC.xib in Resources */ = {isa = PBXBuildFile; fileRef = F7534F1F2C87800000813E5B /* TimeOutVC.xib */; };
		F7534F252C87801600813E5B /* CountryAndDateVC.xib in Resources */ = {isa = PBXBuildFile; fileRef = F7534F232C87801600813E5B /* CountryAndDateVC.xib */; };
		F7FAF7362C7E27DF0057B655 /* AppDelegate.swift in Sources */ = {isa = PBXBuildFile; fileRef = F7FAF7352C7E27DF0057B655 /* AppDelegate.swift */; };
		F7FAF73F2C7E27E10057B655 /* Assets.xcassets in Resources */ = {isa = PBXBuildFile; fileRef = F7FAF73E2C7E27E10057B655 /* Assets.xcassets */; };
		F7FAF7422C7E27E10057B655 /* Base in Resources */ = {isa = PBXBuildFile; fileRef = F7FAF7412C7E27E10057B655 /* Base */; };
/* End PBXBuildFile section */

/* Begin PBXFileReference section */
		0D0626C82C89CA3200725116 /* ConfirmationTransferVC.swift */ = {isa = PBXFileReference; lastKnownFileType = sourcecode.swift; path = ConfirmationTransferVC.swift; sourceTree = "<group>"; };
		0D0626C92C89CA3200725116 /* ConfirmationTransferVC.xib */ = {isa = PBXFileReference; lastKnownFileType = file.xib; path = ConfirmationTransferVC.xib; sourceTree = "<group>"; };
		0D0626CC2C89DA1600725116 /* BottomSheet.swift */ = {isa = PBXFileReference; lastKnownFileType = sourcecode.swift; path = BottomSheet.swift; sourceTree = "<group>"; };
		0D0626D32C89E58300725116 /* TransactionsTableTableViewCell.swift */ = {isa = PBXFileReference; lastKnownFileType = sourcecode.swift; path = TransactionsTableTableViewCell.swift; sourceTree = "<group>"; };
		0D0626D42C89E58300725116 /* TransactionsTableTableViewCell.xib */ = {isa = PBXFileReference; lastKnownFileType = file.xib; path = TransactionsTableTableViewCell.xib; sourceTree = "<group>"; };
		0D0626DB2C89FDCF00725116 /* HomeTransferVC.swift */ = {isa = PBXFileReference; lastKnownFileType = sourcecode.swift; path = HomeTransferVC.swift; sourceTree = "<group>"; };
		0D0626DC2C89FDCF00725116 /* HomeTransferVC.xib */ = {isa = PBXFileReference; lastKnownFileType = file.xib; path = HomeTransferVC.xib; sourceTree = "<group>"; };
		0DB75CFF2C80A4C000C6DE08 /* Inter.ttc */ = {isa = PBXFileReference; lastKnownFileType = file; name = Inter.ttc; path = "../../../../../Downloads/Inter-4.0/Inter.ttc"; sourceTree = "<group>"; };
		0DB883532C819BE600A487BE /* Error.storyboard */ = {isa = PBXFileReference; lastKnownFileType = file.storyboard; path = Error.storyboard; sourceTree = "<group>"; };
		0DB883552C819C3D00A487BE /* Error404VC.swift */ = {isa = PBXFileReference; lastKnownFileType = sourcecode.swift; path = Error404VC.swift; sourceTree = "<group>"; };
		0DB883572C81A2A400A487BE /* NoInternetVC.swift */ = {isa = PBXFileReference; lastKnownFileType = sourcecode.swift; path = NoInternetVC.swift; sourceTree = "<group>"; };
		F73C1B412C7F2C7100A5A2C6 /* Inter_24pt-Light.ttf */ = {isa = PBXFileReference; lastKnownFileType = file; path = "Inter_24pt-Light.ttf"; sourceTree = "<group>"; };
		F73C1B422C7F2C7100A5A2C6 /* Inter_24pt-ThinItalic.ttf */ = {isa = PBXFileReference; lastKnownFileType = file; path = "Inter_24pt-ThinItalic.ttf"; sourceTree = "<group>"; };
		F73C1B432C7F2C7100A5A2C6 /* Inter_28pt-ExtraBold.ttf */ = {isa = PBXFileReference; lastKnownFileType = file; path = "Inter_28pt-ExtraBold.ttf"; sourceTree = "<group>"; };
		F73C1B442C7F2C7100A5A2C6 /* Inter_18pt-ExtraLightItalic.ttf */ = {isa = PBXFileReference; lastKnownFileType = file; path = "Inter_18pt-ExtraLightItalic.ttf"; sourceTree = "<group>"; };
		F73C1B452C7F2C7100A5A2C6 /* Inter_28pt-SemiBoldItalic.ttf */ = {isa = PBXFileReference; lastKnownFileType = file; path = "Inter_28pt-SemiBoldItalic.ttf"; sourceTree = "<group>"; };
		F73C1B462C7F2C7100A5A2C6 /* Inter_24pt-LightItalic.ttf */ = {isa = PBXFileReference; lastKnownFileType = file; path = "Inter_24pt-LightItalic.ttf"; sourceTree = "<group>"; };
		F73C1B472C7F2C7100A5A2C6 /* Inter_18pt-BoldItalic.ttf */ = {isa = PBXFileReference; lastKnownFileType = file; path = "Inter_18pt-BoldItalic.ttf"; sourceTree = "<group>"; };
		F73C1B482C7F2C7100A5A2C6 /* Inter_28pt-Medium.ttf */ = {isa = PBXFileReference; lastKnownFileType = file; path = "Inter_28pt-Medium.ttf"; sourceTree = "<group>"; };
		F73C1B492C7F2C7100A5A2C6 /* Inter_24pt-Regular.ttf */ = {isa = PBXFileReference; lastKnownFileType = file; path = "Inter_24pt-Regular.ttf"; sourceTree = "<group>"; };
		F73C1B4A2C7F2C7100A5A2C6 /* Inter_28pt-LightItalic.ttf */ = {isa = PBXFileReference; lastKnownFileType = file; path = "Inter_28pt-LightItalic.ttf"; sourceTree = "<group>"; };
		F73C1B4B2C7F2C7100A5A2C6 /* Inter_18pt-Italic.ttf */ = {isa = PBXFileReference; lastKnownFileType = file; path = "Inter_18pt-Italic.ttf"; sourceTree = "<group>"; };
		F73C1B4C2C7F2C7100A5A2C6 /* Inter_24pt-Medium.ttf */ = {isa = PBXFileReference; lastKnownFileType = file; path = "Inter_24pt-Medium.ttf"; sourceTree = "<group>"; };
		F73C1B4D2C7F2C7100A5A2C6 /* Inter_18pt-Medium.ttf */ = {isa = PBXFileReference; lastKnownFileType = file; path = "Inter_18pt-Medium.ttf"; sourceTree = "<group>"; };
		F73C1B4E2C7F2C7100A5A2C6 /* Inter_18pt-ExtraBoldItalic.ttf */ = {isa = PBXFileReference; lastKnownFileType = file; path = "Inter_18pt-ExtraBoldItalic.ttf"; sourceTree = "<group>"; };
		F73C1B4F2C7F2C7100A5A2C6 /* Inter_28pt-Thin.ttf */ = {isa = PBXFileReference; lastKnownFileType = file; path = "Inter_28pt-Thin.ttf"; sourceTree = "<group>"; };
		F73C1B502C7F2C7100A5A2C6 /* Inter_28pt-ThinItalic.ttf */ = {isa = PBXFileReference; lastKnownFileType = file; path = "Inter_28pt-ThinItalic.ttf"; sourceTree = "<group>"; };
		F73C1B512C7F2C7100A5A2C6 /* Inter_18pt-Bold.ttf */ = {isa = PBXFileReference; lastKnownFileType = file; path = "Inter_18pt-Bold.ttf"; sourceTree = "<group>"; };
		F73C1B522C7F2C7100A5A2C6 /* Inter_18pt-ExtraBold.ttf */ = {isa = PBXFileReference; lastKnownFileType = file; path = "Inter_18pt-ExtraBold.ttf"; sourceTree = "<group>"; };
		F73C1B532C7F2C7100A5A2C6 /* Inter_24pt-Black.ttf */ = {isa = PBXFileReference; lastKnownFileType = file; path = "Inter_24pt-Black.ttf"; sourceTree = "<group>"; };
		F73C1B542C7F2C7100A5A2C6 /* Inter_24pt-MediumItalic.ttf */ = {isa = PBXFileReference; lastKnownFileType = file; path = "Inter_24pt-MediumItalic.ttf"; sourceTree = "<group>"; };
		F73C1B552C7F2C7100A5A2C6 /* Inter_28pt-Light.ttf */ = {isa = PBXFileReference; lastKnownFileType = file; path = "Inter_28pt-Light.ttf"; sourceTree = "<group>"; };
		F73C1B562C7F2C7100A5A2C6 /* Inter_18pt-ThinItalic.ttf */ = {isa = PBXFileReference; lastKnownFileType = file; path = "Inter_18pt-ThinItalic.ttf"; sourceTree = "<group>"; };
		F73C1B572C7F2C7100A5A2C6 /* Inter_24pt-SemiBold.ttf */ = {isa = PBXFileReference; lastKnownFileType = file; path = "Inter_24pt-SemiBold.ttf"; sourceTree = "<group>"; };
		F73C1B582C7F2C7100A5A2C6 /* Inter_24pt-BoldItalic.ttf */ = {isa = PBXFileReference; lastKnownFileType = file; path = "Inter_24pt-BoldItalic.ttf"; sourceTree = "<group>"; };
		F73C1B592C7F2C7100A5A2C6 /* Inter_28pt-Italic.ttf */ = {isa = PBXFileReference; lastKnownFileType = file; path = "Inter_28pt-Italic.ttf"; sourceTree = "<group>"; };
		F73C1B5A2C7F2C7100A5A2C6 /* Inter_28pt-ExtraLight.ttf */ = {isa = PBXFileReference; lastKnownFileType = file; path = "Inter_28pt-ExtraLight.ttf"; sourceTree = "<group>"; };
		F73C1B5B2C7F2C7100A5A2C6 /* Inter_28pt-Black.ttf */ = {isa = PBXFileReference; lastKnownFileType = file; path = "Inter_28pt-Black.ttf"; sourceTree = "<group>"; };
		F73C1B5C2C7F2C7100A5A2C6 /* Inter_28pt-BlackItalic.ttf */ = {isa = PBXFileReference; lastKnownFileType = file; path = "Inter_28pt-BlackItalic.ttf"; sourceTree = "<group>"; };
		F73C1B5D2C7F2C7100A5A2C6 /* Inter_28pt-SemiBold.ttf */ = {isa = PBXFileReference; lastKnownFileType = file; path = "Inter_28pt-SemiBold.ttf"; sourceTree = "<group>"; };
		F73C1B5E2C7F2C7100A5A2C6 /* Inter_24pt-ExtraBold.ttf */ = {isa = PBXFileReference; lastKnownFileType = file; path = "Inter_24pt-ExtraBold.ttf"; sourceTree = "<group>"; };
		F73C1B5F2C7F2C7100A5A2C6 /* Inter_24pt-SemiBoldItalic.ttf */ = {isa = PBXFileReference; lastKnownFileType = file; path = "Inter_24pt-SemiBoldItalic.ttf"; sourceTree = "<group>"; };
		F73C1B602C7F2C7200A5A2C6 /* Inter_28pt-ExtraBoldItalic.ttf */ = {isa = PBXFileReference; lastKnownFileType = file; path = "Inter_28pt-ExtraBoldItalic.ttf"; sourceTree = "<group>"; };
		F73C1B612C7F2C7200A5A2C6 /* Inter_18pt-Black.ttf */ = {isa = PBXFileReference; lastKnownFileType = file; path = "Inter_18pt-Black.ttf"; sourceTree = "<group>"; };
		F73C1B622C7F2C7200A5A2C6 /* Inter_28pt-ExtraLightItalic.ttf */ = {isa = PBXFileReference; lastKnownFileType = file; path = "Inter_28pt-ExtraLightItalic.ttf"; sourceTree = "<group>"; };
		F73C1B632C7F2C7200A5A2C6 /* Inter_18pt-Regular.ttf */ = {isa = PBXFileReference; lastKnownFileType = file; path = "Inter_18pt-Regular.ttf"; sourceTree = "<group>"; };
		F73C1B642C7F2C7200A5A2C6 /* Inter_28pt-Bold.ttf */ = {isa = PBXFileReference; lastKnownFileType = file; path = "Inter_28pt-Bold.ttf"; sourceTree = "<group>"; };
		F73C1B652C7F2C7200A5A2C6 /* Inter_24pt-ExtraLight.ttf */ = {isa = PBXFileReference; lastKnownFileType = file; path = "Inter_24pt-ExtraLight.ttf"; sourceTree = "<group>"; };
		F73C1B662C7F2C7200A5A2C6 /* Inter_28pt-MediumItalic.ttf */ = {isa = PBXFileReference; lastKnownFileType = file; path = "Inter_28pt-MediumItalic.ttf"; sourceTree = "<group>"; };
		F73C1B672C7F2C7200A5A2C6 /* Inter_18pt-SemiBoldItalic.ttf */ = {isa = PBXFileReference; lastKnownFileType = file; path = "Inter_18pt-SemiBoldItalic.ttf"; sourceTree = "<group>"; };
		F73C1B682C7F2C7200A5A2C6 /* Inter_24pt-Bold.ttf */ = {isa = PBXFileReference; lastKnownFileType = file; path = "Inter_24pt-Bold.ttf"; sourceTree = "<group>"; };
		F73C1B692C7F2C7200A5A2C6 /* Inter_18pt-Thin.ttf */ = {isa = PBXFileReference; lastKnownFileType = file; path = "Inter_18pt-Thin.ttf"; sourceTree = "<group>"; };
		F73C1B6A2C7F2C7200A5A2C6 /* Inter_24pt-Italic.ttf */ = {isa = PBXFileReference; lastKnownFileType = file; path = "Inter_24pt-Italic.ttf"; sourceTree = "<group>"; };
		F73C1B6B2C7F2C7200A5A2C6 /* Inter_18pt-Light.ttf */ = {isa = PBXFileReference; lastKnownFileType = file; path = "Inter_18pt-Light.ttf"; sourceTree = "<group>"; };
		F73C1B6C2C7F2C7200A5A2C6 /* Inter_28pt-Regular.ttf */ = {isa = PBXFileReference; lastKnownFileType = file; path = "Inter_28pt-Regular.ttf"; sourceTree = "<group>"; };
		F73C1B6D2C7F2C7200A5A2C6 /* Inter_18pt-SemiBold.ttf */ = {isa = PBXFileReference; lastKnownFileType = file; path = "Inter_18pt-SemiBold.ttf"; sourceTree = "<group>"; };
		F73C1B6E2C7F2C7200A5A2C6 /* Inter_28pt-BoldItalic.ttf */ = {isa = PBXFileReference; lastKnownFileType = file; path = "Inter_28pt-BoldItalic.ttf"; sourceTree = "<group>"; };
		F73C1B6F2C7F2C7200A5A2C6 /* Inter_24pt-ExtraBoldItalic.ttf */ = {isa = PBXFileReference; lastKnownFileType = file; path = "Inter_24pt-ExtraBoldItalic.ttf"; sourceTree = "<group>"; };
		F73C1B702C7F2C7200A5A2C6 /* Inter_24pt-BlackItalic.ttf */ = {isa = PBXFileReference; lastKnownFileType = file; path = "Inter_24pt-BlackItalic.ttf"; sourceTree = "<group>"; };
		F73C1B712C7F2C7200A5A2C6 /* Inter_18pt-BlackItalic.ttf */ = {isa = PBXFileReference; lastKnownFileType = file; path = "Inter_18pt-BlackItalic.ttf"; sourceTree = "<group>"; };
		F73C1B722C7F2C7200A5A2C6 /* Inter_24pt-ExtraLightItalic.ttf */ = {isa = PBXFileReference; lastKnownFileType = file; path = "Inter_24pt-ExtraLightItalic.ttf"; sourceTree = "<group>"; };
		F73C1B732C7F2C7200A5A2C6 /* Inter_18pt-LightItalic.ttf */ = {isa = PBXFileReference; lastKnownFileType = file; path = "Inter_18pt-LightItalic.ttf"; sourceTree = "<group>"; };
		F73C1B742C7F2C7200A5A2C6 /* Inter_18pt-MediumItalic.ttf */ = {isa = PBXFileReference; lastKnownFileType = file; path = "Inter_18pt-MediumItalic.ttf"; sourceTree = "<group>"; };
		F73C1B752C7F2C7200A5A2C6 /* Inter_24pt-Thin.ttf */ = {isa = PBXFileReference; lastKnownFileType = file; path = "Inter_24pt-Thin.ttf"; sourceTree = "<group>"; };
		F73C1B762C7F2C7200A5A2C6 /* Inter_18pt-ExtraLight.ttf */ = {isa = PBXFileReference; lastKnownFileType = file; path = "Inter_18pt-ExtraLight.ttf"; sourceTree = "<group>"; };
		F73C1BED2C808C9900A5A2C6 /* OnboardingViews.storyboard */ = {isa = PBXFileReference; lastKnownFileType = file.storyboard; path = OnboardingViews.storyboard; sourceTree = "<group>"; };
		F73C1BEF2C808CB700A5A2C6 /* PaymentOnbaordingVC.swift */ = {isa = PBXFileReference; lastKnownFileType = sourcecode.swift; path = PaymentOnbaordingVC.swift; sourceTree = "<group>"; };
		F73C1BF22C808CFF00A5A2C6 /* AmountOnbaordingVC.swift */ = {isa = PBXFileReference; lastKnownFileType = sourcecode.swift; path = AmountOnbaordingVC.swift; sourceTree = "<group>"; };
		F73C1BF42C808D1200A5A2C6 /* ConfirmationOnbaordingVC.swift */ = {isa = PBXFileReference; lastKnownFileType = sourcecode.swift; path = ConfirmationOnbaordingVC.swift; sourceTree = "<group>"; };
		F7411D912C8173D0009DAB14 /* UIView+EXT.swift */ = {isa = PBXFileReference; lastKnownFileType = sourcecode.swift; path = "UIView+EXT.swift"; sourceTree = "<group>"; };
		F7411D932C8173FE009DAB14 /* UIColor+EXT.swift */ = {isa = PBXFileReference; lastKnownFileType = sourcecode.swift; path = "UIColor+EXT.swift"; sourceTree = "<group>"; };
		F74203522C83337B00F3481A /* ProfileVC.swift */ = {isa = PBXFileReference; lastKnownFileType = sourcecode.swift; path = ProfileVC.swift; sourceTree = "<group>"; };
		F74203562C8333BF00F3481A /* Profile.storyboard */ = {isa = PBXFileReference; lastKnownFileType = file.storyboard; path = Profile.storyboard; sourceTree = "<group>"; };
		F74203582C8339C700F3481A /* ProfileTableViewCell.swift */ = {isa = PBXFileReference; lastKnownFileType = sourcecode.swift; path = ProfileTableViewCell.swift; sourceTree = "<group>"; };
		F74203592C8339C700F3481A /* ProfileTableViewCell.xib */ = {isa = PBXFileReference; lastKnownFileType = file.xib; path = ProfileTableViewCell.xib; sourceTree = "<group>"; };
		F742035C2C833FCF00F3481A /* ProfileCell.swift */ = {isa = PBXFileReference; lastKnownFileType = sourcecode.swift; path = ProfileCell.swift; sourceTree = "<group>"; };
		F74AAB222C81E7CD00C63A87 /* String+EXT.swift */ = {isa = PBXFileReference; lastKnownFileType = sourcecode.swift; path = "String+EXT.swift"; sourceTree = "<group>"; };
		F74AAB242C81E83200C63A87 /* User.swift */ = {isa = PBXFileReference; lastKnownFileType = sourcecode.swift; path = User.swift; sourceTree = "<group>"; };
		F74DBA472C89D5570063942A /* STTabBarController.swift */ = {isa = PBXFileReference; lastKnownFileType = sourcecode.swift; path = STTabBarController.swift; sourceTree = "<group>"; };
		F74DBA492C89DDD40063942A /* RegisterVC.swift */ = {isa = PBXFileReference; lastKnownFileType = sourcecode.swift; path = RegisterVC.swift; sourceTree = "<group>"; };
		F74DBA4B2C89FB0A0063942A /* LoginVC.swift */ = {isa = PBXFileReference; lastKnownFileType = sourcecode.swift; path = LoginVC.swift; sourceTree = "<group>"; };
		F74DBA5B2C8A148F0063942A /* UIViewController+EXT.swift */ = {isa = PBXFileReference; fileEncoding = 4; lastKnownFileType = sourcecode.swift; path = "UIViewController+EXT.swift"; sourceTree = "<group>"; };
		F7534F172C877FA600813E5B /* RegisterVC.xib */ = {isa = PBXFileReference; lastKnownFileType = file.xib; path = RegisterVC.xib; sourceTree = "<group>"; };
		F7534F1B2C877FD800813E5B /* LoginVC.xib */ = {isa = PBXFileReference; lastKnownFileType = file.xib; path = LoginVC.xib; sourceTree = "<group>"; };
		F7534F1F2C87800000813E5B /* TimeOutVC.xib */ = {isa = PBXFileReference; lastKnownFileType = file.xib; path = TimeOutVC.xib; sourceTree = "<group>"; };
		F7534F232C87801600813E5B /* CountryAndDateVC.xib */ = {isa = PBXFileReference; lastKnownFileType = file.xib; path = CountryAndDateVC.xib; sourceTree = "<group>"; };
		F7FAF7322C7E27DF0057B655 /* SpeedoTransfer.app */ = {isa = PBXFileReference; explicitFileType = wrapper.application; includeInIndex = 0; path = SpeedoTransfer.app; sourceTree = BUILT_PRODUCTS_DIR; };
		F7FAF7352C7E27DF0057B655 /* AppDelegate.swift */ = {isa = PBXFileReference; lastKnownFileType = sourcecode.swift; path = AppDelegate.swift; sourceTree = "<group>"; };
		F7FAF73E2C7E27E10057B655 /* Assets.xcassets */ = {isa = PBXFileReference; lastKnownFileType = folder.assetcatalog; path = Assets.xcassets; sourceTree = "<group>"; };
		F7FAF7412C7E27E10057B655 /* Base */ = {isa = PBXFileReference; lastKnownFileType = file.storyboard; name = Base; path = Base.lproj/LaunchScreen.storyboard; sourceTree = "<group>"; };
		F7FAF7432C7E27E10057B655 /* Info.plist */ = {isa = PBXFileReference; lastKnownFileType = text.plist.xml; path = Info.plist; sourceTree = "<group>"; };
/* End PBXFileReference section */

/* Begin PBXFrameworksBuildPhase section */
		F7FAF72F2C7E27DF0057B655 /* Frameworks */ = {
			isa = PBXFrameworksBuildPhase;
			buildActionMask = 2147483647;
			files = (
			);
			runOnlyForDeploymentPostprocessing = 0;
		};
/* End PBXFrameworksBuildPhase section */

/* Begin PBXGroup section */
		0D0626D22C89E54600725116 /* model */ = {
			isa = PBXGroup;
			children = (
				0D0626D32C89E58300725116 /* TransactionsTableTableViewCell.swift */,
				0D0626D42C89E58300725116 /* TransactionsTableTableViewCell.xib */,
			);
			path = model;
			sourceTree = "<group>";
		};
		0D2D08122C80921000CB4167 /* Authentication */ = {
			isa = PBXGroup;
			children = (
				F73C1BFD2C809F3D00A5A2C6 /* Models */,
				F73C1BFB2C809F1000A5A2C6 /* Controllers */,
				F73C1BFC2C809F1E00A5A2C6 /* Views */,
			);
			path = Authentication;
			sourceTree = "<group>";
		};
		0D39A9912C819AA500C63F69 /* Error */ = {
			isa = PBXGroup;
			children = (
				0D39A9932C819AC700C63F69 /* Controllers */,
				0D39A9922C819AB300C63F69 /* View */,
			);
			path = Error;
			sourceTree = "<group>";
		};
		0D39A9922C819AB300C63F69 /* View */ = {
			isa = PBXGroup;
			children = (
				0DB883532C819BE600A487BE /* Error.storyboard */,
			);
			path = View;
			sourceTree = "<group>";
		};
		0D39A9932C819AC700C63F69 /* Controllers */ = {
			isa = PBXGroup;
			children = (
				0DB883552C819C3D00A487BE /* Error404VC.swift */,
				0DB883572C81A2A400A487BE /* NoInternetVC.swift */,
			);
			path = Controllers;
			sourceTree = "<group>";
		};
		0D3BA4202C87ABEB00B1E926 /* Transfer */ = {
			isa = PBXGroup;
			children = (
				0D0626D22C89E54600725116 /* model */,
				0D3BA42C2C87B2AB00B1E926 /* View */,
			);
			path = Transfer;
			sourceTree = "<group>";
		};
		0D3BA42C2C87B2AB00B1E926 /* View */ = {
			isa = PBXGroup;
			children = (
				0D0626C82C89CA3200725116 /* ConfirmationTransferVC.swift */,
				0D0626C92C89CA3200725116 /* ConfirmationTransferVC.xib */,
				0D0626CC2C89DA1600725116 /* BottomSheet.swift */,
				0D0626DB2C89FDCF00725116 /* HomeTransferVC.swift */,
				0D0626DC2C89FDCF00725116 /* HomeTransferVC.xib */,
			);
			path = View;
			sourceTree = "<group>";
		};
		F73C1B3E2C7F2B8500A5A2C6 /* Support */ = {
			isa = PBXGroup;
			children = (
				F7FAF7492C7E39BA0057B655 /* Fonts */,
				F7FAF73E2C7E27E10057B655 /* Assets.xcassets */,
				F7FAF7402C7E27E10057B655 /* LaunchScreen.storyboard */,
			);
			path = Support;
			sourceTree = "<group>";
		};
		F73C1BF12C808CC200A5A2C6 /* Onbaording */ = {
			isa = PBXGroup;
			children = (
				F73C1BFE2C809F4E00A5A2C6 /* Models */,
				F73C1BF62C808D1A00A5A2C6 /* Controllers */,
				F73C1BF72C808D2500A5A2C6 /* Views */,
			);
			path = Onbaording;
			sourceTree = "<group>";
		};
		F73C1BF62C808D1A00A5A2C6 /* Controllers */ = {
			isa = PBXGroup;
			children = (
				F73C1BF22C808CFF00A5A2C6 /* AmountOnbaordingVC.swift */,
				F73C1BF42C808D1200A5A2C6 /* ConfirmationOnbaordingVC.swift */,
				F73C1BEF2C808CB700A5A2C6 /* PaymentOnbaordingVC.swift */,
			);
			path = Controllers;
			sourceTree = "<group>";
		};
		F73C1BF72C808D2500A5A2C6 /* Views */ = {
			isa = PBXGroup;
			children = (
				F73C1BED2C808C9900A5A2C6 /* OnboardingViews.storyboard */,
			);
			path = Views;
			sourceTree = "<group>";
		};
		F73C1BFB2C809F1000A5A2C6 /* Controllers */ = {
			isa = PBXGroup;
			children = (
				F74DBA492C89DDD40063942A /* RegisterVC.swift */,
				F74DBA4B2C89FB0A0063942A /* LoginVC.swift */,
			);
			path = Controllers;
			sourceTree = "<group>";
		};
		F73C1BFC2C809F1E00A5A2C6 /* Views */ = {
			isa = PBXGroup;
			children = (
				F7534F172C877FA600813E5B /* RegisterVC.xib */,
				F7534F1B2C877FD800813E5B /* LoginVC.xib */,
				F7534F1F2C87800000813E5B /* TimeOutVC.xib */,
				F7534F232C87801600813E5B /* CountryAndDateVC.xib */,
			);
			path = Views;
			sourceTree = "<group>";
		};
		F73C1BFD2C809F3D00A5A2C6 /* Models */ = {
			isa = PBXGroup;
			children = (
				F74AAB242C81E83200C63A87 /* User.swift */,
			);
			name = Models;
			sourceTree = "<group>";
		};
		F73C1BFE2C809F4E00A5A2C6 /* Models */ = {
			isa = PBXGroup;
			children = (
			);
			name = Models;
			sourceTree = "<group>";
		};
		F7411D8E2C8169D2009DAB14 /* Extensions */ = {
			isa = PBXGroup;
			children = (
				F7411D912C8173D0009DAB14 /* UIView+EXT.swift */,
				F74AAB222C81E7CD00C63A87 /* String+EXT.swift */,
				F7411D932C8173FE009DAB14 /* UIColor+EXT.swift */,
				F74DBA5B2C8A148F0063942A /* UIViewController+EXT.swift */,
			);
			path = Extensions;
			sourceTree = "<group>";
		};
		F74203512C83335300F3481A /* Profile */ = {
			isa = PBXGroup;
			children = (
				F742035E2C833FFA00F3481A /* Models */,
				F74203552C83338D00F3481A /* Views */,
				F74203542C83338300F3481A /* Controllers */,
			);
			name = Profile;
			sourceTree = "<group>";
		};
		F74203542C83338300F3481A /* Controllers */ = {
			isa = PBXGroup;
			children = (
				F74203522C83337B00F3481A /* ProfileVC.swift */,
			);
			name = Controllers;
			sourceTree = "<group>";
		};
		F74203552C83338D00F3481A /* Views */ = {
			isa = PBXGroup;
			children = (
				F74203562C8333BF00F3481A /* Profile.storyboard */,
				F74203582C8339C700F3481A /* ProfileTableViewCell.swift */,
				F74203592C8339C700F3481A /* ProfileTableViewCell.xib */,
			);
			path = Views;
			sourceTree = "<group>";
		};
		F742035E2C833FFA00F3481A /* Models */ = {
			isa = PBXGroup;
			children = (
				F742035C2C833FCF00F3481A /* ProfileCell.swift */,
			);
			path = Models;
			sourceTree = "<group>";
		};
		F74DBA462C89D5020063942A /* TabBarController */ = {
			isa = PBXGroup;
			children = (
				F74DBA472C89D5570063942A /* STTabBarController.swift */,
			);
			path = TabBarController;
			sourceTree = "<group>";
		};
		F74DBA4D2C8A01130063942A /* CustomReusableComponents */ = {
			isa = PBXGroup;
			children = (
				F74DBA462C89D5020063942A /* TabBarController */,
			);
			path = CustomReusableComponents;
			sourceTree = "<group>";
		};
		F7FAF7292C7E27DF0057B655 = {
			isa = PBXGroup;
			children = (
				F7FAF7342C7E27DF0057B655 /* SpeedoTransfer */,
				F7FAF7332C7E27DF0057B655 /* Products */,
			);
			sourceTree = "<group>";
		};
		F7FAF7332C7E27DF0057B655 /* Products */ = {
			isa = PBXGroup;
			children = (
				F7FAF7322C7E27DF0057B655 /* SpeedoTransfer.app */,
			);
			name = Products;
			sourceTree = "<group>";
		};
		F7FAF7342C7E27DF0057B655 /* SpeedoTransfer */ = {
			isa = PBXGroup;
			children = (
				F7FAF7432C7E27E10057B655 /* Info.plist */,
				F7FAF7352C7E27DF0057B655 /* AppDelegate.swift */,
				0D3BA4202C87ABEB00B1E926 /* Transfer */,
				F74DBA4D2C8A01130063942A /* CustomReusableComponents */,
				F74203512C83335300F3481A /* Profile */,
				0D39A9912C819AA500C63F69 /* Error */,
				0D2D08122C80921000CB4167 /* Authentication */,
				F73C1BF12C808CC200A5A2C6 /* Onbaording */,
				F7411D8E2C8169D2009DAB14 /* Extensions */,
				F73C1B3E2C7F2B8500A5A2C6 /* Support */,
			);
			path = SpeedoTransfer;
			sourceTree = "<group>";
		};
		F7FAF7492C7E39BA0057B655 /* Fonts */ = {
			isa = PBXGroup;
			children = (
				0DB75CFF2C80A4C000C6DE08 /* Inter.ttc */,
				F73C1B612C7F2C7200A5A2C6 /* Inter_18pt-Black.ttf */,
				F73C1B712C7F2C7200A5A2C6 /* Inter_18pt-BlackItalic.ttf */,
				F73C1B512C7F2C7100A5A2C6 /* Inter_18pt-Bold.ttf */,
				F73C1B472C7F2C7100A5A2C6 /* Inter_18pt-BoldItalic.ttf */,
				F73C1B522C7F2C7100A5A2C6 /* Inter_18pt-ExtraBold.ttf */,
				F73C1B4E2C7F2C7100A5A2C6 /* Inter_18pt-ExtraBoldItalic.ttf */,
				F73C1B762C7F2C7200A5A2C6 /* Inter_18pt-ExtraLight.ttf */,
				F73C1B442C7F2C7100A5A2C6 /* Inter_18pt-ExtraLightItalic.ttf */,
				F73C1B4B2C7F2C7100A5A2C6 /* Inter_18pt-Italic.ttf */,
				F73C1B6B2C7F2C7200A5A2C6 /* Inter_18pt-Light.ttf */,
				F73C1B732C7F2C7200A5A2C6 /* Inter_18pt-LightItalic.ttf */,
				F73C1B4D2C7F2C7100A5A2C6 /* Inter_18pt-Medium.ttf */,
				F73C1B742C7F2C7200A5A2C6 /* Inter_18pt-MediumItalic.ttf */,
				F73C1B632C7F2C7200A5A2C6 /* Inter_18pt-Regular.ttf */,
				F73C1B6D2C7F2C7200A5A2C6 /* Inter_18pt-SemiBold.ttf */,
				F73C1B672C7F2C7200A5A2C6 /* Inter_18pt-SemiBoldItalic.ttf */,
				F73C1B692C7F2C7200A5A2C6 /* Inter_18pt-Thin.ttf */,
				F73C1B562C7F2C7100A5A2C6 /* Inter_18pt-ThinItalic.ttf */,
				F73C1B532C7F2C7100A5A2C6 /* Inter_24pt-Black.ttf */,
				F73C1B702C7F2C7200A5A2C6 /* Inter_24pt-BlackItalic.ttf */,
				F73C1B682C7F2C7200A5A2C6 /* Inter_24pt-Bold.ttf */,
				F73C1B582C7F2C7100A5A2C6 /* Inter_24pt-BoldItalic.ttf */,
				F73C1B5E2C7F2C7100A5A2C6 /* Inter_24pt-ExtraBold.ttf */,
				F73C1B6F2C7F2C7200A5A2C6 /* Inter_24pt-ExtraBoldItalic.ttf */,
				F73C1B652C7F2C7200A5A2C6 /* Inter_24pt-ExtraLight.ttf */,
				F73C1B722C7F2C7200A5A2C6 /* Inter_24pt-ExtraLightItalic.ttf */,
				F73C1B6A2C7F2C7200A5A2C6 /* Inter_24pt-Italic.ttf */,
				F73C1B412C7F2C7100A5A2C6 /* Inter_24pt-Light.ttf */,
				F73C1B462C7F2C7100A5A2C6 /* Inter_24pt-LightItalic.ttf */,
				F73C1B4C2C7F2C7100A5A2C6 /* Inter_24pt-Medium.ttf */,
				F73C1B542C7F2C7100A5A2C6 /* Inter_24pt-MediumItalic.ttf */,
				F73C1B492C7F2C7100A5A2C6 /* Inter_24pt-Regular.ttf */,
				F73C1B572C7F2C7100A5A2C6 /* Inter_24pt-SemiBold.ttf */,
				F73C1B5F2C7F2C7100A5A2C6 /* Inter_24pt-SemiBoldItalic.ttf */,
				F73C1B752C7F2C7200A5A2C6 /* Inter_24pt-Thin.ttf */,
				F73C1B422C7F2C7100A5A2C6 /* Inter_24pt-ThinItalic.ttf */,
				F73C1B5B2C7F2C7100A5A2C6 /* Inter_28pt-Black.ttf */,
				F73C1B5C2C7F2C7100A5A2C6 /* Inter_28pt-BlackItalic.ttf */,
				F73C1B642C7F2C7200A5A2C6 /* Inter_28pt-Bold.ttf */,
				F73C1B6E2C7F2C7200A5A2C6 /* Inter_28pt-BoldItalic.ttf */,
				F73C1B432C7F2C7100A5A2C6 /* Inter_28pt-ExtraBold.ttf */,
				F73C1B602C7F2C7200A5A2C6 /* Inter_28pt-ExtraBoldItalic.ttf */,
				F73C1B5A2C7F2C7100A5A2C6 /* Inter_28pt-ExtraLight.ttf */,
				F73C1B622C7F2C7200A5A2C6 /* Inter_28pt-ExtraLightItalic.ttf */,
				F73C1B592C7F2C7100A5A2C6 /* Inter_28pt-Italic.ttf */,
				F73C1B552C7F2C7100A5A2C6 /* Inter_28pt-Light.ttf */,
				F73C1B4A2C7F2C7100A5A2C6 /* Inter_28pt-LightItalic.ttf */,
				F73C1B482C7F2C7100A5A2C6 /* Inter_28pt-Medium.ttf */,
				F73C1B662C7F2C7200A5A2C6 /* Inter_28pt-MediumItalic.ttf */,
				F73C1B6C2C7F2C7200A5A2C6 /* Inter_28pt-Regular.ttf */,
				F73C1B5D2C7F2C7100A5A2C6 /* Inter_28pt-SemiBold.ttf */,
				F73C1B452C7F2C7100A5A2C6 /* Inter_28pt-SemiBoldItalic.ttf */,
				F73C1B4F2C7F2C7100A5A2C6 /* Inter_28pt-Thin.ttf */,
				F73C1B502C7F2C7100A5A2C6 /* Inter_28pt-ThinItalic.ttf */,
			);
			path = Fonts;
			sourceTree = "<group>";
		};
/* End PBXGroup section */

/* Begin PBXNativeTarget section */
		F7FAF7312C7E27DF0057B655 /* SpeedoTransfer */ = {
			isa = PBXNativeTarget;
			buildConfigurationList = F7FAF7462C7E27E10057B655 /* Build configuration list for PBXNativeTarget "SpeedoTransfer" */;
			buildPhases = (
				F7FAF72E2C7E27DF0057B655 /* Sources */,
				F7FAF72F2C7E27DF0057B655 /* Frameworks */,
				F7FAF7302C7E27DF0057B655 /* Resources */,
			);
			buildRules = (
			);
			dependencies = (
			);
			name = SpeedoTransfer;
			productName = SpeedoTransfer;
			productReference = F7FAF7322C7E27DF0057B655 /* SpeedoTransfer.app */;
			productType = "com.apple.product-type.application";
		};
/* End PBXNativeTarget section */

/* Begin PBXProject section */
		F7FAF72A2C7E27DF0057B655 /* Project object */ = {
			isa = PBXProject;
			attributes = {
				BuildIndependentTargetsInParallel = 1;
				LastSwiftUpdateCheck = 1540;
				LastUpgradeCheck = 1540;
				TargetAttributes = {
					F7FAF7312C7E27DF0057B655 = {
						CreatedOnToolsVersion = 15.4;
					};
				};
			};
			buildConfigurationList = F7FAF72D2C7E27DF0057B655 /* Build configuration list for PBXProject "SpeedoTransfer" */;
			compatibilityVersion = "Xcode 14.0";
			developmentRegion = en;
			hasScannedForEncodings = 0;
			knownRegions = (
				en,
				Base,
			);
			mainGroup = F7FAF7292C7E27DF0057B655;
			productRefGroup = F7FAF7332C7E27DF0057B655 /* Products */;
			projectDirPath = "";
			projectRoot = "";
			targets = (
				F7FAF7312C7E27DF0057B655 /* SpeedoTransfer */,
			);
		};
/* End PBXProject section */

/* Begin PBXResourcesBuildPhase section */
		F7FAF7302C7E27DF0057B655 /* Resources */ = {
			isa = PBXResourcesBuildPhase;
			buildActionMask = 2147483647;
			files = (
				F73C1B782C7F2C7200A5A2C6 /* Inter_24pt-ThinItalic.ttf in Resources */,
				F73C1B9B2C7F2C7200A5A2C6 /* Inter_24pt-ExtraLight.ttf in Resources */,
				F73C1BEE2C808C9900A5A2C6 /* OnboardingViews.storyboard in Resources */,
				F73C1B772C7F2C7200A5A2C6 /* Inter_24pt-Light.ttf in Resources */,
				F73C1B802C7F2C7200A5A2C6 /* Inter_28pt-LightItalic.ttf in Resources */,
				F7534F1D2C877FD800813E5B /* LoginVC.xib in Resources */,
				F73C1B962C7F2C7200A5A2C6 /* Inter_28pt-ExtraBoldItalic.ttf in Resources */,
				F73C1B892C7F2C7200A5A2C6 /* Inter_24pt-Black.ttf in Resources */,
				F73C1B8B2C7F2C7200A5A2C6 /* Inter_28pt-Light.ttf in Resources */,
				F73C1B882C7F2C7200A5A2C6 /* Inter_18pt-ExtraBold.ttf in Resources */,
				F7534F252C87801600813E5B /* CountryAndDateVC.xib in Resources */,
				F73C1BA72C7F2C7200A5A2C6 /* Inter_18pt-BlackItalic.ttf in Resources */,
				F73C1B8C2C7F2C7200A5A2C6 /* Inter_18pt-ThinItalic.ttf in Resources */,
				F7534F212C87800000813E5B /* TimeOutVC.xib in Resources */,
				F73C1B872C7F2C7200A5A2C6 /* Inter_18pt-Bold.ttf in Resources */,
				0DB75D002C80A4C000C6DE08 /* Inter.ttc in Resources */,
				F73C1B7B2C7F2C7200A5A2C6 /* Inter_28pt-SemiBoldItalic.ttf in Resources */,
				F73C1B912C7F2C7200A5A2C6 /* Inter_28pt-Black.ttf in Resources */,
				F7FAF73F2C7E27E10057B655 /* Assets.xcassets in Resources */,
				F73C1BA22C7F2C7200A5A2C6 /* Inter_28pt-Regular.ttf in Resources */,
				F73C1B8D2C7F2C7200A5A2C6 /* Inter_24pt-SemiBold.ttf in Resources */,
				F73C1B982C7F2C7200A5A2C6 /* Inter_28pt-ExtraLightItalic.ttf in Resources */,
				F73C1B7A2C7F2C7200A5A2C6 /* Inter_18pt-ExtraLightItalic.ttf in Resources */,
				F73C1BAB2C7F2C7200A5A2C6 /* Inter_24pt-Thin.ttf in Resources */,
				F73C1BAC2C7F2C7200A5A2C6 /* Inter_18pt-ExtraLight.ttf in Resources */,
				F73C1B9E2C7F2C7200A5A2C6 /* Inter_24pt-Bold.ttf in Resources */,
				F73C1B9A2C7F2C7200A5A2C6 /* Inter_28pt-Bold.ttf in Resources */,
				F73C1B7D2C7F2C7200A5A2C6 /* Inter_18pt-BoldItalic.ttf in Resources */,
				F73C1B9C2C7F2C7200A5A2C6 /* Inter_28pt-MediumItalic.ttf in Resources */,
				F73C1B952C7F2C7200A5A2C6 /* Inter_24pt-SemiBoldItalic.ttf in Resources */,
				F73C1B9F2C7F2C7200A5A2C6 /* Inter_18pt-Thin.ttf in Resources */,
				F7534F192C877FA600813E5B /* RegisterVC.xib in Resources */,
				F73C1B8A2C7F2C7200A5A2C6 /* Inter_24pt-MediumItalic.ttf in Resources */,
				F73C1B822C7F2C7200A5A2C6 /* Inter_24pt-Medium.ttf in Resources */,
				F73C1B852C7F2C7200A5A2C6 /* Inter_28pt-Thin.ttf in Resources */,
				0D0626D62C89E58300725116 /* TransactionsTableTableViewCell.xib in Resources */,
				F73C1BA12C7F2C7200A5A2C6 /* Inter_18pt-Light.ttf in Resources */,
				F73C1B792C7F2C7200A5A2C6 /* Inter_28pt-ExtraBold.ttf in Resources */,
				F73C1B922C7F2C7200A5A2C6 /* Inter_28pt-BlackItalic.ttf in Resources */,
				F74203572C8333BF00F3481A /* Profile.storyboard in Resources */,
				F73C1BA32C7F2C7200A5A2C6 /* Inter_18pt-SemiBold.ttf in Resources */,
				F73C1B7E2C7F2C7200A5A2C6 /* Inter_28pt-Medium.ttf in Resources */,
				F73C1B7F2C7F2C7200A5A2C6 /* Inter_24pt-Regular.ttf in Resources */,
				F73C1B8E2C7F2C7200A5A2C6 /* Inter_24pt-BoldItalic.ttf in Resources */,
				F73C1BA62C7F2C7200A5A2C6 /* Inter_24pt-BlackItalic.ttf in Resources */,
				0DB883542C819BE600A487BE /* Error.storyboard in Resources */,
				F73C1B812C7F2C7200A5A2C6 /* Inter_18pt-Italic.ttf in Resources */,
				F73C1B862C7F2C7200A5A2C6 /* Inter_28pt-ThinItalic.ttf in Resources */,
				F73C1B992C7F2C7200A5A2C6 /* Inter_18pt-Regular.ttf in Resources */,
				F73C1B9D2C7F2C7200A5A2C6 /* Inter_18pt-SemiBoldItalic.ttf in Resources */,
				0D0626DE2C89FDCF00725116 /* HomeTransferVC.xib in Resources */,
				F7FAF7422C7E27E10057B655 /* Base in Resources */,
				F73C1B8F2C7F2C7200A5A2C6 /* Inter_28pt-Italic.ttf in Resources */,
				F73C1BA02C7F2C7200A5A2C6 /* Inter_24pt-Italic.ttf in Resources */,
				F73C1B902C7F2C7200A5A2C6 /* Inter_28pt-ExtraLight.ttf in Resources */,
				F73C1B832C7F2C7200A5A2C6 /* Inter_18pt-Medium.ttf in Resources */,
				F73C1BA82C7F2C7200A5A2C6 /* Inter_24pt-ExtraLightItalic.ttf in Resources */,
				F73C1BAA2C7F2C7200A5A2C6 /* Inter_18pt-MediumItalic.ttf in Resources */,
				0D0626CB2C89CA3300725116 /* ConfirmationTransferVC.xib in Resources */,
				F73C1B7C2C7F2C7200A5A2C6 /* Inter_24pt-LightItalic.ttf in Resources */,
				F73C1B972C7F2C7200A5A2C6 /* Inter_18pt-Black.ttf in Resources */,
				F73C1BA52C7F2C7200A5A2C6 /* Inter_24pt-ExtraBoldItalic.ttf in Resources */,
				F73C1B942C7F2C7200A5A2C6 /* Inter_24pt-ExtraBold.ttf in Resources */,
				F73C1BA42C7F2C7200A5A2C6 /* Inter_28pt-BoldItalic.ttf in Resources */,
				F742035A2C8339C700F3481A /* ProfileTableViewCell.xib in Resources */,
				F73C1B932C7F2C7200A5A2C6 /* Inter_28pt-SemiBold.ttf in Resources */,
				F73C1B842C7F2C7200A5A2C6 /* Inter_18pt-ExtraBoldItalic.ttf in Resources */,
				F73C1BA92C7F2C7200A5A2C6 /* Inter_18pt-LightItalic.ttf in Resources */,
			);
			runOnlyForDeploymentPostprocessing = 0;
		};
/* End PBXResourcesBuildPhase section */

/* Begin PBXSourcesBuildPhase section */
		F7FAF72E2C7E27DF0057B655 /* Sources */ = {
			isa = PBXSourcesBuildPhase;
			buildActionMask = 2147483647;
			files = (
				F74DBA5C2C8A148F0063942A /* UIViewController+EXT.swift in Sources */,
				F742035D2C833FCF00F3481A /* ProfileCell.swift in Sources */,
				F74203532C83337B00F3481A /* ProfileVC.swift in Sources */,
				F7411D922C8173D0009DAB14 /* UIView+EXT.swift in Sources */,
				F7FAF7362C7E27DF0057B655 /* AppDelegate.swift in Sources */,
				0D0626CD2C89DA1600725116 /* BottomSheet.swift in Sources */,
				F73C1BF02C808CB700A5A2C6 /* PaymentOnbaordingVC.swift in Sources */,
				F74AAB232C81E7CD00C63A87 /* String+EXT.swift in Sources */,
				F74DBA482C89D5570063942A /* STTabBarController.swift in Sources */,
				F74AAB252C81E83200C63A87 /* User.swift in Sources */,
				F742035B2C8339C700F3481A /* ProfileTableViewCell.swift in Sources */,
				F74DBA4A2C89DDD40063942A /* RegisterVC.swift in Sources */,
				F7411D942C8173FE009DAB14 /* UIColor+EXT.swift in Sources */,
				F73C1BF52C808D1200A5A2C6 /* ConfirmationOnbaordingVC.swift in Sources */,
				F74DBA4C2C89FB0A0063942A /* LoginVC.swift in Sources */,
				0D0626CA2C89CA3300725116 /* ConfirmationTransferVC.swift in Sources */,
				0DB883582C81A2A400A487BE /* NoInternetVC.swift in Sources */,
				0D0626DD2C89FDCF00725116 /* HomeTransferVC.swift in Sources */,
				0D0626D52C89E58300725116 /* TransactionsTableTableViewCell.swift in Sources */,
				0DB883562C819C3D00A487BE /* Error404VC.swift in Sources */,
				F73C1BF32C808CFF00A5A2C6 /* AmountOnbaordingVC.swift in Sources */,
			);
			runOnlyForDeploymentPostprocessing = 0;
		};
/* End PBXSourcesBuildPhase section */

/* Begin PBXVariantGroup section */
		F7FAF7402C7E27E10057B655 /* LaunchScreen.storyboard */ = {
			isa = PBXVariantGroup;
			children = (
				F7FAF7412C7E27E10057B655 /* Base */,
			);
			name = LaunchScreen.storyboard;
			sourceTree = "<group>";
		};
/* End PBXVariantGroup section */

/* Begin XCBuildConfiguration section */
		F7FAF7442C7E27E10057B655 /* Debug */ = {
			isa = XCBuildConfiguration;
			buildSettings = {
				ALWAYS_SEARCH_USER_PATHS = NO;
				ASSETCATALOG_COMPILER_GENERATE_SWIFT_ASSET_SYMBOL_EXTENSIONS = YES;
				CLANG_ANALYZER_NONNULL = YES;
				CLANG_ANALYZER_NUMBER_OBJECT_CONVERSION = YES_AGGRESSIVE;
				CLANG_CXX_LANGUAGE_STANDARD = "gnu++20";
				CLANG_ENABLE_MODULES = YES;
				CLANG_ENABLE_OBJC_ARC = YES;
				CLANG_ENABLE_OBJC_WEAK = YES;
				CLANG_WARN_BLOCK_CAPTURE_AUTORELEASING = YES;
				CLANG_WARN_BOOL_CONVERSION = YES;
				CLANG_WARN_COMMA = YES;
				CLANG_WARN_CONSTANT_CONVERSION = YES;
				CLANG_WARN_DEPRECATED_OBJC_IMPLEMENTATIONS = YES;
				CLANG_WARN_DIRECT_OBJC_ISA_USAGE = YES_ERROR;
				CLANG_WARN_DOCUMENTATION_COMMENTS = YES;
				CLANG_WARN_EMPTY_BODY = YES;
				CLANG_WARN_ENUM_CONVERSION = YES;
				CLANG_WARN_INFINITE_RECURSION = YES;
				CLANG_WARN_INT_CONVERSION = YES;
				CLANG_WARN_NON_LITERAL_NULL_CONVERSION = YES;
				CLANG_WARN_OBJC_IMPLICIT_RETAIN_SELF = YES;
				CLANG_WARN_OBJC_LITERAL_CONVERSION = YES;
				CLANG_WARN_OBJC_ROOT_CLASS = YES_ERROR;
				CLANG_WARN_QUOTED_INCLUDE_IN_FRAMEWORK_HEADER = YES;
				CLANG_WARN_RANGE_LOOP_ANALYSIS = YES;
				CLANG_WARN_STRICT_PROTOTYPES = YES;
				CLANG_WARN_SUSPICIOUS_MOVE = YES;
				CLANG_WARN_UNGUARDED_AVAILABILITY = YES_AGGRESSIVE;
				CLANG_WARN_UNREACHABLE_CODE = YES;
				CLANG_WARN__DUPLICATE_METHOD_MATCH = YES;
				COPY_PHASE_STRIP = NO;
				DEBUG_INFORMATION_FORMAT = dwarf;
				ENABLE_STRICT_OBJC_MSGSEND = YES;
				ENABLE_TESTABILITY = YES;
				ENABLE_USER_SCRIPT_SANDBOXING = YES;
				GCC_C_LANGUAGE_STANDARD = gnu17;
				GCC_DYNAMIC_NO_PIC = NO;
				GCC_NO_COMMON_BLOCKS = YES;
				GCC_OPTIMIZATION_LEVEL = 0;
				GCC_PREPROCESSOR_DEFINITIONS = (
					"DEBUG=1",
					"$(inherited)",
				);
				GCC_WARN_64_TO_32_BIT_CONVERSION = YES;
				GCC_WARN_ABOUT_RETURN_TYPE = YES_ERROR;
				GCC_WARN_UNDECLARED_SELECTOR = YES;
				GCC_WARN_UNINITIALIZED_AUTOS = YES_AGGRESSIVE;
				GCC_WARN_UNUSED_FUNCTION = YES;
				GCC_WARN_UNUSED_VARIABLE = YES;
				IPHONEOS_DEPLOYMENT_TARGET = 17.5;
				LOCALIZATION_PREFERS_STRING_CATALOGS = YES;
				MTL_ENABLE_DEBUG_INFO = INCLUDE_SOURCE;
				MTL_FAST_MATH = YES;
				ONLY_ACTIVE_ARCH = YES;
				SDKROOT = iphoneos;
				SWIFT_ACTIVE_COMPILATION_CONDITIONS = "DEBUG $(inherited)";
				SWIFT_OPTIMIZATION_LEVEL = "-Onone";
			};
			name = Debug;
		};
		F7FAF7452C7E27E10057B655 /* Release */ = {
			isa = XCBuildConfiguration;
			buildSettings = {
				ALWAYS_SEARCH_USER_PATHS = NO;
				ASSETCATALOG_COMPILER_GENERATE_SWIFT_ASSET_SYMBOL_EXTENSIONS = YES;
				CLANG_ANALYZER_NONNULL = YES;
				CLANG_ANALYZER_NUMBER_OBJECT_CONVERSION = YES_AGGRESSIVE;
				CLANG_CXX_LANGUAGE_STANDARD = "gnu++20";
				CLANG_ENABLE_MODULES = YES;
				CLANG_ENABLE_OBJC_ARC = YES;
				CLANG_ENABLE_OBJC_WEAK = YES;
				CLANG_WARN_BLOCK_CAPTURE_AUTORELEASING = YES;
				CLANG_WARN_BOOL_CONVERSION = YES;
				CLANG_WARN_COMMA = YES;
				CLANG_WARN_CONSTANT_CONVERSION = YES;
				CLANG_WARN_DEPRECATED_OBJC_IMPLEMENTATIONS = YES;
				CLANG_WARN_DIRECT_OBJC_ISA_USAGE = YES_ERROR;
				CLANG_WARN_DOCUMENTATION_COMMENTS = YES;
				CLANG_WARN_EMPTY_BODY = YES;
				CLANG_WARN_ENUM_CONVERSION = YES;
				CLANG_WARN_INFINITE_RECURSION = YES;
				CLANG_WARN_INT_CONVERSION = YES;
				CLANG_WARN_NON_LITERAL_NULL_CONVERSION = YES;
				CLANG_WARN_OBJC_IMPLICIT_RETAIN_SELF = YES;
				CLANG_WARN_OBJC_LITERAL_CONVERSION = YES;
				CLANG_WARN_OBJC_ROOT_CLASS = YES_ERROR;
				CLANG_WARN_QUOTED_INCLUDE_IN_FRAMEWORK_HEADER = YES;
				CLANG_WARN_RANGE_LOOP_ANALYSIS = YES;
				CLANG_WARN_STRICT_PROTOTYPES = YES;
				CLANG_WARN_SUSPICIOUS_MOVE = YES;
				CLANG_WARN_UNGUARDED_AVAILABILITY = YES_AGGRESSIVE;
				CLANG_WARN_UNREACHABLE_CODE = YES;
				CLANG_WARN__DUPLICATE_METHOD_MATCH = YES;
				COPY_PHASE_STRIP = NO;
				DEBUG_INFORMATION_FORMAT = "dwarf-with-dsym";
				ENABLE_NS_ASSERTIONS = NO;
				ENABLE_STRICT_OBJC_MSGSEND = YES;
				ENABLE_USER_SCRIPT_SANDBOXING = YES;
				GCC_C_LANGUAGE_STANDARD = gnu17;
				GCC_NO_COMMON_BLOCKS = YES;
				GCC_WARN_64_TO_32_BIT_CONVERSION = YES;
				GCC_WARN_ABOUT_RETURN_TYPE = YES_ERROR;
				GCC_WARN_UNDECLARED_SELECTOR = YES;
				GCC_WARN_UNINITIALIZED_AUTOS = YES_AGGRESSIVE;
				GCC_WARN_UNUSED_FUNCTION = YES;
				GCC_WARN_UNUSED_VARIABLE = YES;
				IPHONEOS_DEPLOYMENT_TARGET = 17.5;
				LOCALIZATION_PREFERS_STRING_CATALOGS = YES;
				MTL_ENABLE_DEBUG_INFO = NO;
				MTL_FAST_MATH = YES;
				SDKROOT = iphoneos;
				SWIFT_COMPILATION_MODE = wholemodule;
				VALIDATE_PRODUCT = YES;
			};
			name = Release;
		};
		F7FAF7472C7E27E10057B655 /* Debug */ = {
			isa = XCBuildConfiguration;
			buildSettings = {
				ASSETCATALOG_COMPILER_APPICON_NAME = AppIcon;
				ASSETCATALOG_COMPILER_GLOBAL_ACCENT_COLOR_NAME = AccentColor;
				CODE_SIGN_STYLE = Automatic;
				CURRENT_PROJECT_VERSION = 1;
				DEVELOPMENT_TEAM = 2F6FZV8L79;
				GENERATE_INFOPLIST_FILE = YES;
				INFOPLIST_FILE = SpeedoTransfer/Info.plist;
				INFOPLIST_KEY_UIApplicationSupportsIndirectInputEvents = YES;
				INFOPLIST_KEY_UILaunchStoryboardName = LaunchScreen;
				INFOPLIST_KEY_UISupportedInterfaceOrientations = UIInterfaceOrientationPortrait;
				INFOPLIST_KEY_UISupportedInterfaceOrientations_iPad = "UIInterfaceOrientationLandscapeLeft UIInterfaceOrientationLandscapeRight UIInterfaceOrientationPortrait UIInterfaceOrientationPortraitUpsideDown";
				IPHONEOS_DEPLOYMENT_TARGET = 13.5;
				LD_RUNPATH_SEARCH_PATHS = (
					"$(inherited)",
					"@executable_path/Frameworks",
				);
				MARKETING_VERSION = 1.0;
				PRODUCT_BUNDLE_IDENTIFIER = com.atallah.SpeedoTransfer;
				PRODUCT_NAME = "$(TARGET_NAME)";
				SUPPORTED_PLATFORMS = "iphoneos iphonesimulator";
				SUPPORTS_MACCATALYST = NO;
				SUPPORTS_MAC_DESIGNED_FOR_IPHONE_IPAD = NO;
				SUPPORTS_XR_DESIGNED_FOR_IPHONE_IPAD = NO;
				SWIFT_EMIT_LOC_STRINGS = YES;
				SWIFT_VERSION = 5.0;
				TARGETED_DEVICE_FAMILY = 1;
			};
			name = Debug;
		};
		F7FAF7482C7E27E10057B655 /* Release */ = {
			isa = XCBuildConfiguration;
			buildSettings = {
				ASSETCATALOG_COMPILER_APPICON_NAME = AppIcon;
				ASSETCATALOG_COMPILER_GLOBAL_ACCENT_COLOR_NAME = AccentColor;
				CODE_SIGN_STYLE = Automatic;
				CURRENT_PROJECT_VERSION = 1;
				DEVELOPMENT_TEAM = 2F6FZV8L79;
				GENERATE_INFOPLIST_FILE = YES;
				INFOPLIST_FILE = SpeedoTransfer/Info.plist;
				INFOPLIST_KEY_UIApplicationSupportsIndirectInputEvents = YES;
				INFOPLIST_KEY_UILaunchStoryboardName = LaunchScreen;
				INFOPLIST_KEY_UISupportedInterfaceOrientations = UIInterfaceOrientationPortrait;
				INFOPLIST_KEY_UISupportedInterfaceOrientations_iPad = "UIInterfaceOrientationLandscapeLeft UIInterfaceOrientationLandscapeRight UIInterfaceOrientationPortrait UIInterfaceOrientationPortraitUpsideDown";
				IPHONEOS_DEPLOYMENT_TARGET = 13.5;
				LD_RUNPATH_SEARCH_PATHS = (
					"$(inherited)",
					"@executable_path/Frameworks",
				);
				MARKETING_VERSION = 1.0;
				PRODUCT_BUNDLE_IDENTIFIER = com.atallah.SpeedoTransfer;
				PRODUCT_NAME = "$(TARGET_NAME)";
				SUPPORTED_PLATFORMS = "iphoneos iphonesimulator";
				SUPPORTS_MACCATALYST = NO;
				SUPPORTS_MAC_DESIGNED_FOR_IPHONE_IPAD = NO;
				SUPPORTS_XR_DESIGNED_FOR_IPHONE_IPAD = NO;
				SWIFT_EMIT_LOC_STRINGS = YES;
				SWIFT_VERSION = 5.0;
				TARGETED_DEVICE_FAMILY = 1;
			};
			name = Release;
		};
/* End XCBuildConfiguration section */

/* Begin XCConfigurationList section */
		F7FAF72D2C7E27DF0057B655 /* Build configuration list for PBXProject "SpeedoTransfer" */ = {
			isa = XCConfigurationList;
			buildConfigurations = (
				F7FAF7442C7E27E10057B655 /* Debug */,
				F7FAF7452C7E27E10057B655 /* Release */,
			);
			defaultConfigurationIsVisible = 0;
			defaultConfigurationName = Release;
		};
		F7FAF7462C7E27E10057B655 /* Build configuration list for PBXNativeTarget "SpeedoTransfer" */ = {
			isa = XCConfigurationList;
			buildConfigurations = (
				F7FAF7472C7E27E10057B655 /* Debug */,
				F7FAF7482C7E27E10057B655 /* Release */,
			);
			defaultConfigurationIsVisible = 0;
			defaultConfigurationName = Release;
		};
/* End XCConfigurationList section */
	};
	rootObject = F7FAF72A2C7E27DF0057B655 /* Project object */;
}
